
Microsoft Visual Studio Solution File, Format Version 12.00
# Visual Studio Version 17
VisualStudioVersion = 17.9.34723.18
MinimumVisualStudioVersion = 10.0.40219.1
Project("{8BC9CEB8-8B4A-11D0-8D11-00A0C91BC942}") = "1_lesson", "1_lesson\1_lesson.vcxproj", "{F0655851-DC95-4F9A-B74B-84CEAE1E34B3}"
EndProject
Project("{8BC9CEB8-8B4A-11D0-8D11-00A0C91BC942}") = "2_lesson", "2_lesson\2_lesson.vcxproj", "{F9D14F6E-FEB1-487A-AA81-0042EA815FAF}"
EndProject
Project("{8BC9CEB8-8B4A-11D0-8D11-00A0C91BC942}") = "3_lesson", "3_lesson\3_lesson.vcxproj", "{E393C863-D130-4850-BE2C-E7838FFBE5B2}"
EndProject
Project("{8BC9CEB8-8B4A-11D0-8D11-00A0C91BC942}") = "4_lesson", "4_lesson\4_lesson.vcxproj", "{B867E240-921C-449D-BFB6-613BDCC85D3C}"
EndProject
Project("{8BC9CEB8-8B4A-11D0-8D11-00A0C91BC942}") = "5_lesson", "5_lesson\5_lesson.vcxproj", "{D6E8197A-455A-4935-8CE8-E045A1D04950}"
EndProject
Project("{8BC9CEB8-8B4A-11D0-8D11-00A0C91BC942}") = "6_lesson", "6_lesson\6_lesson.vcxproj", "{95E16A64-4458-47AB-847C-BE6F4AE5CD34}"
EndProject
Project("{8BC9CEB8-8B4A-11D0-8D11-00A0C91BC942}") = "7_lesson", "7_lesson\7_lesson.vcxproj", "{BF50D2BC-1108-46AA-BD3E-986716923E5F}"
EndProject
Project("{8BC9CEB8-8B4A-11D0-8D11-00A0C91BC942}") = "8_lesson", "8_lesson\8_lesson.vcxproj", "{DAF66574-FF61-46F6-87D1-6BF11078A884}"
EndProject
Project("{8BC9CEB8-8B4A-11D0-8D11-00A0C91BC942}") = "9_lesson", "9_lesson\9_lesson.vcxproj", "{960EFBF8-10DC-4D35-9BC5-6BB8A5C8D9CB}"
EndProject
Project("{8BC9CEB8-8B4A-11D0-8D11-00A0C91BC942}") = "lesson_10", "lesson_10\lesson_10.vcxproj", "{43E2D1D6-DD66-4AB5-830E-B5A0B2B9A730}"
EndProject
Project("{8BC9CEB8-8B4A-11D0-8D11-00A0C91BC942}") = "lesson_11", "lesson_11\lesson_11.vcxproj", "{2D75541B-D0E2-4747-8B33-0FA726B90077}"
EndProject
Project("{8BC9CEB8-8B4A-11D0-8D11-00A0C91BC942}") = "lesson_11_dz", "lesson_11_dz\lesson_11_dz.vcxproj", "{D455D718-2F2A-4A0D-8116-308209780369}"
EndProject
Project("{8BC9CEB8-8B4A-11D0-8D11-00A0C91BC942}") = "lesson_12", "lesson_12\lesson_12.vcxproj", "{9E8E9438-3297-4ACA-A4B0-005AC7376D91}"
EndProject
Project("{8BC9CEB8-8B4A-11D0-8D11-00A0C91BC942}") = "lesson_13", "lesson_13\lesson_13.vcxproj", "{628E79BC-C39C-4C75-B323-E0BD8E51B63B}"
EndProject
Project("{8BC9CEB8-8B4A-11D0-8D11-00A0C91BC942}") = "lesson_13_dz_1", "lesson_13_dz_1\lesson_13_dz_1.vcxproj", "{CE4DA2CB-4AEE-4274-ADD7-163EE529303C}"
EndProject
Project("{8BC9CEB8-8B4A-11D0-8D11-00A0C91BC942}") = "lesson_13_dz_2", "lesson_13_dz_2\lesson_13_dz_2.vcxproj", "{AF29E782-E66A-49D3-B6FB-9ACD649C99F4}"
EndProject
Project("{8BC9CEB8-8B4A-11D0-8D11-00A0C91BC942}") = "lesson_14", "lesson_14\lesson_14.vcxproj", "{83FA2F83-552E-4A54-B388-F100659D6945}"
EndProject
Project("{8BC9CEB8-8B4A-11D0-8D11-00A0C91BC942}") = "lesson_15", "lesson_15\lesson_15.vcxproj", "{21914011-5315-4E1B-A303-0BAB75A93E00}"
EndProject
Project("{8BC9CEB8-8B4A-11D0-8D11-00A0C91BC942}") = "lesson_16", "lesson_16\lesson_16.vcxproj", "{1D26117E-F65A-439D-8724-7B4CC2F8058D}"
EndProject
Project("{8BC9CEB8-8B4A-11D0-8D11-00A0C91BC942}") = "lesson_17", "lesson_17\lesson_17.vcxproj", "{A3FC636C-6711-41C5-BA08-E93A79789BA9}"
EndProject
Project("{8BC9CEB8-8B4A-11D0-8D11-00A0C91BC942}") = "lesson_18", "lesson_18\lesson_18.vcxproj", "{5B78F5E2-E65F-4DE1-B41F-27EF3D5110C2}"
EndProject
Project("{8BC9CEB8-8B4A-11D0-8D11-00A0C91BC942}") = "lesson_19", "lesson_19\lesson_19.vcxproj", "{75E0F4AC-E470-41AD-A7B1-3706FFBE0A65}"
EndProject
Project("{8BC9CEB8-8B4A-11D0-8D11-00A0C91BC942}") = "lesson_20", "lesson_20\lesson_20.vcxproj", "{49E48065-9F91-4450-B793-508C086364C8}"
EndProject
Project("{8BC9CEB8-8B4A-11D0-8D11-00A0C91BC942}") = "lesson_20_dz", "lesson_20_dz\lesson_20_dz.vcxproj", "{D4D2E262-6781-46D8-82D0-971D262B3FC3}"
EndProject
Project("{8BC9CEB8-8B4A-11D0-8D11-00A0C91BC942}") = "lesson_21", "lesson_21\lesson_21.vcxproj", "{34535E84-AB6C-4835-A97B-B1AACB55362C}"
EndProject
Project("{8BC9CEB8-8B4A-11D0-8D11-00A0C91BC942}") = "lesson_22", "lesson_22\lesson_22.vcxproj", "{F1670020-38D6-434A-9E34-44A47AA988E2}"
EndProject
Project("{8BC9CEB8-8B4A-11D0-8D11-00A0C91BC942}") = "lesson_23", "lesson_23\lesson_23.vcxproj", "{BC1C120D-32B9-4DD4-B6CD-C9D42BF2A5CC}"
EndProject
Project("{8BC9CEB8-8B4A-11D0-8D11-00A0C91BC942}") = "lesson_24", "lesson_24\lesson_24.vcxproj", "{226DB0CE-A2B1-42F0-AA8A-EDD2A72B5785}"
EndProject
Project("{8BC9CEB8-8B4A-11D0-8D11-00A0C91BC942}") = "lesson_25", "lesson_25\lesson_25.vcxproj", "{618BC395-3F3E-4CFB-A7D3-498DB557AD2F}"
EndProject
Project("{8BC9CEB8-8B4A-11D0-8D11-00A0C91BC942}") = "lesson_25_dz_1", "lesson_25_dz_1\lesson_25_dz_1.vcxproj", "{4A5E29AE-26FD-4216-AB5F-8C4080161184}"
EndProject
Project("{8BC9CEB8-8B4A-11D0-8D11-00A0C91BC942}") = "lesson_25_dz_2", "lesson_25_dz_2\lesson_25_dz_2.vcxproj", "{BECD81D2-7385-4124-B640-27E85C9322AE}"
EndProject
Project("{8BC9CEB8-8B4A-11D0-8D11-00A0C91BC942}") = "lesson_26", "lesson_26\lesson_26.vcxproj", "{5BA37A48-5E21-4314-AE90-86C5956A573E}"
EndProject
Project("{8BC9CEB8-8B4A-11D0-8D11-00A0C91BC942}") = "lesson_27", "lesson_27\lesson_27.vcxproj", "{C1E949F4-264C-408C-97D2-5295E10B11BF}"
EndProject
Project("{8BC9CEB8-8B4A-11D0-8D11-00A0C91BC942}") = "lesson_28", "lesson_28\lesson_28.vcxproj", "{06235B72-97C6-4E3C-B450-207BB3DC2432}"
EndProject
Project("{8BC9CEB8-8B4A-11D0-8D11-00A0C91BC942}") = "lesson_29", "lesson_29\lesson_29.vcxproj", "{D2F068BE-4ED8-4809-9E6E-ECB597257C76}"
EndProject
Project("{8BC9CEB8-8B4A-11D0-8D11-00A0C91BC942}") = "lesson_30", "lesson_30\lesson_30.vcxproj", "{8DB6A1B7-A8CE-4625-B655-40762BFF1069}"
EndProject
Project("{8BC9CEB8-8B4A-11D0-8D11-00A0C91BC942}") = "lesson_31", "lesson_31\lesson_31.vcxproj", "{265F5EB0-A8FD-4726-AC97-6E292FE755A2}"
EndProject
Project("{8BC9CEB8-8B4A-11D0-8D11-00A0C91BC942}") = "lesson_32", "lesson_32\lesson_32.vcxproj", "{B728FCD8-E5C8-4EC0-AC63-BFA2671CCBDA}"
EndProject
Project("{8BC9CEB8-8B4A-11D0-8D11-00A0C91BC942}") = "lesson_33", "lesson_33\lesson_33.vcxproj", "{BF7D0969-F1DF-4523-B329-B7282DED8CB8}"
EndProject
Project("{8BC9CEB8-8B4A-11D0-8D11-00A0C91BC942}") = "lesson_34", "lesson_34\lesson_34.vcxproj", "{B14795BA-8328-4418-A4F3-65928DDB55A1}"
EndProject
Project("{8BC9CEB8-8B4A-11D0-8D11-00A0C91BC942}") = "lesson_35", "lesson_35\lesson_35.vcxproj", "{CE09675A-6AEB-40A5-A918-051C34ADDC48}"
EndProject
Project("{8BC9CEB8-8B4A-11D0-8D11-00A0C91BC942}") = "lesson_36", "lesson_36\lesson_36.vcxproj", "{953D36B9-A636-48D8-BA15-9CA50972FFC6}"
EndProject
Project("{8BC9CEB8-8B4A-11D0-8D11-00A0C91BC942}") = "lesson_37", "lesson_37\lesson_37.vcxproj", "{3D05B3A7-C009-4665-9405-79AB5D40453C}"
EndProject
Project("{8BC9CEB8-8B4A-11D0-8D11-00A0C91BC942}") = "lesson_38", "lesson_38\lesson_38.vcxproj", "{819F61BC-6102-4D1D-95F2-DAC1F353E5AE}"
EndProject
Project("{8BC9CEB8-8B4A-11D0-8D11-00A0C91BC942}") = "lesson_39", "lesson_39\lesson_39.vcxproj", "{B50ECCF1-6CDD-418A-843E-6CEFA6ABA8AA}"
EndProject
Project("{8BC9CEB8-8B4A-11D0-8D11-00A0C91BC942}") = "lesson_40", "lesson_40\lesson_40.vcxproj", "{28E79333-B424-497F-BE29-426409DF46AE}"
EndProject
Project("{8BC9CEB8-8B4A-11D0-8D11-00A0C91BC942}") = "lesson_41", "lesson_41\lesson_41.vcxproj", "{71246168-FDD8-4EB0-AF80-9CCAC9C441A5}"
EndProject
Project("{8BC9CEB8-8B4A-11D0-8D11-00A0C91BC942}") = "lesson_42", "lesson_42\lesson_42.vcxproj", "{7AD61BE5-4D5C-4730-AA1D-DCE693D7DC43}"
EndProject
Project("{8BC9CEB8-8B4A-11D0-8D11-00A0C91BC942}") = "lesson_43", "lesson_43\lesson_43.vcxproj", "{A18E37D5-4057-4A6A-9E29-1D6457BAADAE}"
EndProject
Project("{8BC9CEB8-8B4A-11D0-8D11-00A0C91BC942}") = "lesson_44", "lesson_44\lesson_44.vcxproj", "{A1FA2B53-77AC-42E5-9635-317474FEDD3E}"
EndProject
Project("{8BC9CEB8-8B4A-11D0-8D11-00A0C91BC942}") = "lesson_44_dz", "lesson_44_dz\lesson_44_dz.vcxproj", "{BAA53E0D-A26E-46D0-B4B7-A6AE1B1FD6F3}"
EndProject
Project("{8BC9CEB8-8B4A-11D0-8D11-00A0C91BC942}") = "lesson_45", "lesson_45\lesson_45.vcxproj", "{5DC758D7-C153-4FB9-B6BE-A22292CE35BB}"
EndProject
Project("{8BC9CEB8-8B4A-11D0-8D11-00A0C91BC942}") = "lesson_46", "lesson_46\lesson_46.vcxproj", "{8767C1B0-4573-454A-BCF5-3B0C4F56E865}"
EndProject
Project("{8BC9CEB8-8B4A-11D0-8D11-00A0C91BC942}") = "lesson_47", "lesson_47\lesson_47.vcxproj", "{D3D32743-D867-4B31-A035-30101FA7D68E}"
EndProject
Project("{8BC9CEB8-8B4A-11D0-8D11-00A0C91BC942}") = "lesson_47_dz", "lesson_47_dz\lesson_47_dz.vcxproj", "{19197205-0441-4DB3-A31D-37ADEAA3E52F}"
EndProject
Project("{8BC9CEB8-8B4A-11D0-8D11-00A0C91BC942}") = "lesson_48", "lesson_48\lesson_48.vcxproj", "{248DC2F3-289C-4142-9254-ACAE7A774B60}"
EndProject
Project("{8BC9CEB8-8B4A-11D0-8D11-00A0C91BC942}") = "lesson_49", "lesson_49\lesson_49.vcxproj", "{6B41607C-12A2-41F5-9D68-74A01B99F6E3}"
EndProject
Project("{8BC9CEB8-8B4A-11D0-8D11-00A0C91BC942}") = "lesson_50", "lesson_50\lesson_50.vcxproj", "{0F59975A-5AC3-45A7-9D9D-C1AB0C481829}"
EndProject
Project("{8BC9CEB8-8B4A-11D0-8D11-00A0C91BC942}") = "lesson_51", "lesson_51\lesson_51.vcxproj", "{01C08A48-6645-4E14-986C-C2E4F4A9FBE8}"
EndProject
Project("{8BC9CEB8-8B4A-11D0-8D11-00A0C91BC942}") = "lesson_52", "lesson_52\lesson_52.vcxproj", "{AA6CBA48-F9BD-4FFC-8FD8-CC72B0DB1CB5}"
EndProject
Project("{8BC9CEB8-8B4A-11D0-8D11-00A0C91BC942}") = "lesson_53", "lesson_53\lesson_53.vcxproj", "{E50BFD79-0D92-47C4-A884-D339A87C4F36}"
EndProject
Project("{8BC9CEB8-8B4A-11D0-8D11-00A0C91BC942}") = "lesson_54", "lesson_54\lesson_54.vcxproj", "{D4C990F0-D309-482E-B439-C51654CCEF0B}"
EndProject
Project("{8BC9CEB8-8B4A-11D0-8D11-00A0C91BC942}") = "lesson_55", "lesson_55\lesson_55.vcxproj", "{28B967E8-18AA-49FF-B363-2D4066F4668A}"
EndProject
Project("{8BC9CEB8-8B4A-11D0-8D11-00A0C91BC942}") = "lesson_56", "lesson_56\lesson_56.vcxproj", "{6C7DF429-BCCA-4DBC-9375-8F9A638DCD29}"
EndProject
Project("{8BC9CEB8-8B4A-11D0-8D11-00A0C91BC942}") = "lesson_57", "lesson_57\lesson_57.vcxproj", "{852B29CB-AFE1-4D82-BDB0-38BFEB580855}"
EndProject
Project("{8BC9CEB8-8B4A-11D0-8D11-00A0C91BC942}") = "lesson_57_dz", "lesson_57_dz\lesson_57_dz.vcxproj", "{4EC89EE0-8530-4A36-B57A-7F9640CE05F7}"
EndProject
Project("{8BC9CEB8-8B4A-11D0-8D11-00A0C91BC942}") = "lesson_58", "lesson_58\lesson_58.vcxproj", "{8FEB10FF-C16A-4D01-B41C-9FE86D5C145F}"
EndProject
Project("{8BC9CEB8-8B4A-11D0-8D11-00A0C91BC942}") = "lesson_59", "lesson_59\lesson_59.vcxproj", "{2C8BC03A-420E-48BC-9573-86B0AEF85D40}"
EndProject
Project("{8BC9CEB8-8B4A-11D0-8D11-00A0C91BC942}") = "lesson_60", "lesson_60\lesson_60.vcxproj", "{613EB8B6-8E19-469B-BD0A-A17BD86CD56A}"
EndProject
Project("{8BC9CEB8-8B4A-11D0-8D11-00A0C91BC942}") = "lesson_61", "lesson_61\lesson_61.vcxproj", "{88D931DE-2A3D-483A-814E-42E443E71913}"
EndProject
Project("{8BC9CEB8-8B4A-11D0-8D11-00A0C91BC942}") = "lesson_62", "lesson_62\lesson_62.vcxproj", "{4570C828-FCBC-4CB6-9873-A82C7609311C}"
EndProject
Project("{8BC9CEB8-8B4A-11D0-8D11-00A0C91BC942}") = "lesson_63", "lesson_63\lesson_63.vcxproj", "{B2E2DD6A-2BA7-4607-B3C2-63EC529CFE38}"
EndProject
Project("{8BC9CEB8-8B4A-11D0-8D11-00A0C91BC942}") = "lesson_64", "lesson_64\lesson_64.vcxproj", "{ECA43657-2C5D-481B-9C4C-6D867ECEDED4}"
EndProject
Global
	GlobalSection(SolutionConfigurationPlatforms) = preSolution
		Debug|x64 = Debug|x64
		Debug|x86 = Debug|x86
		Release|x64 = Release|x64
		Release|x86 = Release|x86
	EndGlobalSection
	GlobalSection(ProjectConfigurationPlatforms) = postSolution
		{F0655851-DC95-4F9A-B74B-84CEAE1E34B3}.Debug|x64.ActiveCfg = Debug|x64
		{F0655851-DC95-4F9A-B74B-84CEAE1E34B3}.Debug|x64.Build.0 = Debug|x64
		{F0655851-DC95-4F9A-B74B-84CEAE1E34B3}.Debug|x86.ActiveCfg = Debug|Win32
		{F0655851-DC95-4F9A-B74B-84CEAE1E34B3}.Debug|x86.Build.0 = Debug|Win32
		{F0655851-DC95-4F9A-B74B-84CEAE1E34B3}.Release|x64.ActiveCfg = Release|x64
		{F0655851-DC95-4F9A-B74B-84CEAE1E34B3}.Release|x64.Build.0 = Release|x64
		{F0655851-DC95-4F9A-B74B-84CEAE1E34B3}.Release|x86.ActiveCfg = Release|Win32
		{F0655851-DC95-4F9A-B74B-84CEAE1E34B3}.Release|x86.Build.0 = Release|Win32
		{F9D14F6E-FEB1-487A-AA81-0042EA815FAF}.Debug|x64.ActiveCfg = Debug|x64
		{F9D14F6E-FEB1-487A-AA81-0042EA815FAF}.Debug|x64.Build.0 = Debug|x64
		{F9D14F6E-FEB1-487A-AA81-0042EA815FAF}.Debug|x86.ActiveCfg = Debug|Win32
		{F9D14F6E-FEB1-487A-AA81-0042EA815FAF}.Debug|x86.Build.0 = Debug|Win32
		{F9D14F6E-FEB1-487A-AA81-0042EA815FAF}.Release|x64.ActiveCfg = Release|x64
		{F9D14F6E-FEB1-487A-AA81-0042EA815FAF}.Release|x64.Build.0 = Release|x64
		{F9D14F6E-FEB1-487A-AA81-0042EA815FAF}.Release|x86.ActiveCfg = Release|Win32
		{F9D14F6E-FEB1-487A-AA81-0042EA815FAF}.Release|x86.Build.0 = Release|Win32
		{E393C863-D130-4850-BE2C-E7838FFBE5B2}.Debug|x64.ActiveCfg = Debug|x64
		{E393C863-D130-4850-BE2C-E7838FFBE5B2}.Debug|x64.Build.0 = Debug|x64
		{E393C863-D130-4850-BE2C-E7838FFBE5B2}.Debug|x86.ActiveCfg = Debug|Win32
		{E393C863-D130-4850-BE2C-E7838FFBE5B2}.Debug|x86.Build.0 = Debug|Win32
		{E393C863-D130-4850-BE2C-E7838FFBE5B2}.Release|x64.ActiveCfg = Release|x64
		{E393C863-D130-4850-BE2C-E7838FFBE5B2}.Release|x64.Build.0 = Release|x64
		{E393C863-D130-4850-BE2C-E7838FFBE5B2}.Release|x86.ActiveCfg = Release|Win32
		{E393C863-D130-4850-BE2C-E7838FFBE5B2}.Release|x86.Build.0 = Release|Win32
		{B867E240-921C-449D-BFB6-613BDCC85D3C}.Debug|x64.ActiveCfg = Debug|x64
		{B867E240-921C-449D-BFB6-613BDCC85D3C}.Debug|x64.Build.0 = Debug|x64
		{B867E240-921C-449D-BFB6-613BDCC85D3C}.Debug|x86.ActiveCfg = Debug|Win32
		{B867E240-921C-449D-BFB6-613BDCC85D3C}.Debug|x86.Build.0 = Debug|Win32
		{B867E240-921C-449D-BFB6-613BDCC85D3C}.Release|x64.ActiveCfg = Release|x64
		{B867E240-921C-449D-BFB6-613BDCC85D3C}.Release|x64.Build.0 = Release|x64
		{B867E240-921C-449D-BFB6-613BDCC85D3C}.Release|x86.ActiveCfg = Release|Win32
		{B867E240-921C-449D-BFB6-613BDCC85D3C}.Release|x86.Build.0 = Release|Win32
		{D6E8197A-455A-4935-8CE8-E045A1D04950}.Debug|x64.ActiveCfg = Debug|x64
		{D6E8197A-455A-4935-8CE8-E045A1D04950}.Debug|x64.Build.0 = Debug|x64
		{D6E8197A-455A-4935-8CE8-E045A1D04950}.Debug|x86.ActiveCfg = Debug|Win32
		{D6E8197A-455A-4935-8CE8-E045A1D04950}.Debug|x86.Build.0 = Debug|Win32
		{D6E8197A-455A-4935-8CE8-E045A1D04950}.Release|x64.ActiveCfg = Release|x64
		{D6E8197A-455A-4935-8CE8-E045A1D04950}.Release|x64.Build.0 = Release|x64
		{D6E8197A-455A-4935-8CE8-E045A1D04950}.Release|x86.ActiveCfg = Release|Win32
		{D6E8197A-455A-4935-8CE8-E045A1D04950}.Release|x86.Build.0 = Release|Win32
		{95E16A64-4458-47AB-847C-BE6F4AE5CD34}.Debug|x64.ActiveCfg = Debug|x64
		{95E16A64-4458-47AB-847C-BE6F4AE5CD34}.Debug|x64.Build.0 = Debug|x64
		{95E16A64-4458-47AB-847C-BE6F4AE5CD34}.Debug|x86.ActiveCfg = Debug|Win32
		{95E16A64-4458-47AB-847C-BE6F4AE5CD34}.Debug|x86.Build.0 = Debug|Win32
		{95E16A64-4458-47AB-847C-BE6F4AE5CD34}.Release|x64.ActiveCfg = Release|x64
		{95E16A64-4458-47AB-847C-BE6F4AE5CD34}.Release|x64.Build.0 = Release|x64
		{95E16A64-4458-47AB-847C-BE6F4AE5CD34}.Release|x86.ActiveCfg = Release|Win32
		{95E16A64-4458-47AB-847C-BE6F4AE5CD34}.Release|x86.Build.0 = Release|Win32
		{BF50D2BC-1108-46AA-BD3E-986716923E5F}.Debug|x64.ActiveCfg = Debug|x64
		{BF50D2BC-1108-46AA-BD3E-986716923E5F}.Debug|x64.Build.0 = Debug|x64
		{BF50D2BC-1108-46AA-BD3E-986716923E5F}.Debug|x86.ActiveCfg = Debug|Win32
		{BF50D2BC-1108-46AA-BD3E-986716923E5F}.Debug|x86.Build.0 = Debug|Win32
		{BF50D2BC-1108-46AA-BD3E-986716923E5F}.Release|x64.ActiveCfg = Release|x64
		{BF50D2BC-1108-46AA-BD3E-986716923E5F}.Release|x64.Build.0 = Release|x64
		{BF50D2BC-1108-46AA-BD3E-986716923E5F}.Release|x86.ActiveCfg = Release|Win32
		{BF50D2BC-1108-46AA-BD3E-986716923E5F}.Release|x86.Build.0 = Release|Win32
		{DAF66574-FF61-46F6-87D1-6BF11078A884}.Debug|x64.ActiveCfg = Debug|x64
		{DAF66574-FF61-46F6-87D1-6BF11078A884}.Debug|x64.Build.0 = Debug|x64
		{DAF66574-FF61-46F6-87D1-6BF11078A884}.Debug|x86.ActiveCfg = Debug|Win32
		{DAF66574-FF61-46F6-87D1-6BF11078A884}.Debug|x86.Build.0 = Debug|Win32
		{DAF66574-FF61-46F6-87D1-6BF11078A884}.Release|x64.ActiveCfg = Release|x64
		{DAF66574-FF61-46F6-87D1-6BF11078A884}.Release|x64.Build.0 = Release|x64
		{DAF66574-FF61-46F6-87D1-6BF11078A884}.Release|x86.ActiveCfg = Release|Win32
		{DAF66574-FF61-46F6-87D1-6BF11078A884}.Release|x86.Build.0 = Release|Win32
		{960EFBF8-10DC-4D35-9BC5-6BB8A5C8D9CB}.Debug|x64.ActiveCfg = Debug|x64
		{960EFBF8-10DC-4D35-9BC5-6BB8A5C8D9CB}.Debug|x64.Build.0 = Debug|x64
		{960EFBF8-10DC-4D35-9BC5-6BB8A5C8D9CB}.Debug|x86.ActiveCfg = Debug|Win32
		{960EFBF8-10DC-4D35-9BC5-6BB8A5C8D9CB}.Debug|x86.Build.0 = Debug|Win32
		{960EFBF8-10DC-4D35-9BC5-6BB8A5C8D9CB}.Release|x64.ActiveCfg = Release|x64
		{960EFBF8-10DC-4D35-9BC5-6BB8A5C8D9CB}.Release|x64.Build.0 = Release|x64
		{960EFBF8-10DC-4D35-9BC5-6BB8A5C8D9CB}.Release|x86.ActiveCfg = Release|Win32
		{960EFBF8-10DC-4D35-9BC5-6BB8A5C8D9CB}.Release|x86.Build.0 = Release|Win32
		{43E2D1D6-DD66-4AB5-830E-B5A0B2B9A730}.Debug|x64.ActiveCfg = Debug|x64
		{43E2D1D6-DD66-4AB5-830E-B5A0B2B9A730}.Debug|x64.Build.0 = Debug|x64
		{43E2D1D6-DD66-4AB5-830E-B5A0B2B9A730}.Debug|x86.ActiveCfg = Debug|Win32
		{43E2D1D6-DD66-4AB5-830E-B5A0B2B9A730}.Debug|x86.Build.0 = Debug|Win32
		{43E2D1D6-DD66-4AB5-830E-B5A0B2B9A730}.Release|x64.ActiveCfg = Release|x64
		{43E2D1D6-DD66-4AB5-830E-B5A0B2B9A730}.Release|x64.Build.0 = Release|x64
		{43E2D1D6-DD66-4AB5-830E-B5A0B2B9A730}.Release|x86.ActiveCfg = Release|Win32
		{43E2D1D6-DD66-4AB5-830E-B5A0B2B9A730}.Release|x86.Build.0 = Release|Win32
		{2D75541B-D0E2-4747-8B33-0FA726B90077}.Debug|x64.ActiveCfg = Debug|x64
		{2D75541B-D0E2-4747-8B33-0FA726B90077}.Debug|x64.Build.0 = Debug|x64
		{2D75541B-D0E2-4747-8B33-0FA726B90077}.Debug|x86.ActiveCfg = Debug|Win32
		{2D75541B-D0E2-4747-8B33-0FA726B90077}.Debug|x86.Build.0 = Debug|Win32
		{2D75541B-D0E2-4747-8B33-0FA726B90077}.Release|x64.ActiveCfg = Release|x64
		{2D75541B-D0E2-4747-8B33-0FA726B90077}.Release|x64.Build.0 = Release|x64
		{2D75541B-D0E2-4747-8B33-0FA726B90077}.Release|x86.ActiveCfg = Release|Win32
		{2D75541B-D0E2-4747-8B33-0FA726B90077}.Release|x86.Build.0 = Release|Win32
		{D455D718-2F2A-4A0D-8116-308209780369}.Debug|x64.ActiveCfg = Debug|x64
		{D455D718-2F2A-4A0D-8116-308209780369}.Debug|x64.Build.0 = Debug|x64
		{D455D718-2F2A-4A0D-8116-308209780369}.Debug|x86.ActiveCfg = Debug|Win32
		{D455D718-2F2A-4A0D-8116-308209780369}.Debug|x86.Build.0 = Debug|Win32
		{D455D718-2F2A-4A0D-8116-308209780369}.Release|x64.ActiveCfg = Release|x64
		{D455D718-2F2A-4A0D-8116-308209780369}.Release|x64.Build.0 = Release|x64
		{D455D718-2F2A-4A0D-8116-308209780369}.Release|x86.ActiveCfg = Release|Win32
		{D455D718-2F2A-4A0D-8116-308209780369}.Release|x86.Build.0 = Release|Win32
		{9E8E9438-3297-4ACA-A4B0-005AC7376D91}.Debug|x64.ActiveCfg = Debug|x64
		{9E8E9438-3297-4ACA-A4B0-005AC7376D91}.Debug|x64.Build.0 = Debug|x64
		{9E8E9438-3297-4ACA-A4B0-005AC7376D91}.Debug|x86.ActiveCfg = Debug|Win32
		{9E8E9438-3297-4ACA-A4B0-005AC7376D91}.Debug|x86.Build.0 = Debug|Win32
		{9E8E9438-3297-4ACA-A4B0-005AC7376D91}.Release|x64.ActiveCfg = Release|x64
		{9E8E9438-3297-4ACA-A4B0-005AC7376D91}.Release|x64.Build.0 = Release|x64
		{9E8E9438-3297-4ACA-A4B0-005AC7376D91}.Release|x86.ActiveCfg = Release|Win32
		{9E8E9438-3297-4ACA-A4B0-005AC7376D91}.Release|x86.Build.0 = Release|Win32
		{628E79BC-C39C-4C75-B323-E0BD8E51B63B}.Debug|x64.ActiveCfg = Debug|x64
		{628E79BC-C39C-4C75-B323-E0BD8E51B63B}.Debug|x64.Build.0 = Debug|x64
		{628E79BC-C39C-4C75-B323-E0BD8E51B63B}.Debug|x86.ActiveCfg = Debug|Win32
		{628E79BC-C39C-4C75-B323-E0BD8E51B63B}.Debug|x86.Build.0 = Debug|Win32
		{628E79BC-C39C-4C75-B323-E0BD8E51B63B}.Release|x64.ActiveCfg = Release|x64
		{628E79BC-C39C-4C75-B323-E0BD8E51B63B}.Release|x64.Build.0 = Release|x64
		{628E79BC-C39C-4C75-B323-E0BD8E51B63B}.Release|x86.ActiveCfg = Release|Win32
		{628E79BC-C39C-4C75-B323-E0BD8E51B63B}.Release|x86.Build.0 = Release|Win32
		{CE4DA2CB-4AEE-4274-ADD7-163EE529303C}.Debug|x64.ActiveCfg = Debug|x64
		{CE4DA2CB-4AEE-4274-ADD7-163EE529303C}.Debug|x64.Build.0 = Debug|x64
		{CE4DA2CB-4AEE-4274-ADD7-163EE529303C}.Debug|x86.ActiveCfg = Debug|Win32
		{CE4DA2CB-4AEE-4274-ADD7-163EE529303C}.Debug|x86.Build.0 = Debug|Win32
		{CE4DA2CB-4AEE-4274-ADD7-163EE529303C}.Release|x64.ActiveCfg = Release|x64
		{CE4DA2CB-4AEE-4274-ADD7-163EE529303C}.Release|x64.Build.0 = Release|x64
		{CE4DA2CB-4AEE-4274-ADD7-163EE529303C}.Release|x86.ActiveCfg = Release|Win32
		{CE4DA2CB-4AEE-4274-ADD7-163EE529303C}.Release|x86.Build.0 = Release|Win32
		{AF29E782-E66A-49D3-B6FB-9ACD649C99F4}.Debug|x64.ActiveCfg = Debug|x64
		{AF29E782-E66A-49D3-B6FB-9ACD649C99F4}.Debug|x64.Build.0 = Debug|x64
		{AF29E782-E66A-49D3-B6FB-9ACD649C99F4}.Debug|x86.ActiveCfg = Debug|Win32
		{AF29E782-E66A-49D3-B6FB-9ACD649C99F4}.Debug|x86.Build.0 = Debug|Win32
		{AF29E782-E66A-49D3-B6FB-9ACD649C99F4}.Release|x64.ActiveCfg = Release|x64
		{AF29E782-E66A-49D3-B6FB-9ACD649C99F4}.Release|x64.Build.0 = Release|x64
		{AF29E782-E66A-49D3-B6FB-9ACD649C99F4}.Release|x86.ActiveCfg = Release|Win32
		{AF29E782-E66A-49D3-B6FB-9ACD649C99F4}.Release|x86.Build.0 = Release|Win32
		{83FA2F83-552E-4A54-B388-F100659D6945}.Debug|x64.ActiveCfg = Debug|x64
		{83FA2F83-552E-4A54-B388-F100659D6945}.Debug|x64.Build.0 = Debug|x64
		{83FA2F83-552E-4A54-B388-F100659D6945}.Debug|x86.ActiveCfg = Debug|Win32
		{83FA2F83-552E-4A54-B388-F100659D6945}.Debug|x86.Build.0 = Debug|Win32
		{83FA2F83-552E-4A54-B388-F100659D6945}.Release|x64.ActiveCfg = Release|x64
		{83FA2F83-552E-4A54-B388-F100659D6945}.Release|x64.Build.0 = Release|x64
		{83FA2F83-552E-4A54-B388-F100659D6945}.Release|x86.ActiveCfg = Release|Win32
		{83FA2F83-552E-4A54-B388-F100659D6945}.Release|x86.Build.0 = Release|Win32
		{21914011-5315-4E1B-A303-0BAB75A93E00}.Debug|x64.ActiveCfg = Debug|x64
		{21914011-5315-4E1B-A303-0BAB75A93E00}.Debug|x64.Build.0 = Debug|x64
		{21914011-5315-4E1B-A303-0BAB75A93E00}.Debug|x86.ActiveCfg = Debug|Win32
		{21914011-5315-4E1B-A303-0BAB75A93E00}.Debug|x86.Build.0 = Debug|Win32
		{21914011-5315-4E1B-A303-0BAB75A93E00}.Release|x64.ActiveCfg = Release|x64
		{21914011-5315-4E1B-A303-0BAB75A93E00}.Release|x64.Build.0 = Release|x64
		{21914011-5315-4E1B-A303-0BAB75A93E00}.Release|x86.ActiveCfg = Release|Win32
		{21914011-5315-4E1B-A303-0BAB75A93E00}.Release|x86.Build.0 = Release|Win32
		{1D26117E-F65A-439D-8724-7B4CC2F8058D}.Debug|x64.ActiveCfg = Debug|x64
		{1D26117E-F65A-439D-8724-7B4CC2F8058D}.Debug|x64.Build.0 = Debug|x64
		{1D26117E-F65A-439D-8724-7B4CC2F8058D}.Debug|x86.ActiveCfg = Debug|Win32
		{1D26117E-F65A-439D-8724-7B4CC2F8058D}.Debug|x86.Build.0 = Debug|Win32
		{1D26117E-F65A-439D-8724-7B4CC2F8058D}.Release|x64.ActiveCfg = Release|x64
		{1D26117E-F65A-439D-8724-7B4CC2F8058D}.Release|x64.Build.0 = Release|x64
		{1D26117E-F65A-439D-8724-7B4CC2F8058D}.Release|x86.ActiveCfg = Release|Win32
		{1D26117E-F65A-439D-8724-7B4CC2F8058D}.Release|x86.Build.0 = Release|Win32
		{A3FC636C-6711-41C5-BA08-E93A79789BA9}.Debug|x64.ActiveCfg = Debug|x64
		{A3FC636C-6711-41C5-BA08-E93A79789BA9}.Debug|x64.Build.0 = Debug|x64
		{A3FC636C-6711-41C5-BA08-E93A79789BA9}.Debug|x86.ActiveCfg = Debug|Win32
		{A3FC636C-6711-41C5-BA08-E93A79789BA9}.Debug|x86.Build.0 = Debug|Win32
		{A3FC636C-6711-41C5-BA08-E93A79789BA9}.Release|x64.ActiveCfg = Release|x64
		{A3FC636C-6711-41C5-BA08-E93A79789BA9}.Release|x64.Build.0 = Release|x64
		{A3FC636C-6711-41C5-BA08-E93A79789BA9}.Release|x86.ActiveCfg = Release|Win32
		{A3FC636C-6711-41C5-BA08-E93A79789BA9}.Release|x86.Build.0 = Release|Win32
		{5B78F5E2-E65F-4DE1-B41F-27EF3D5110C2}.Debug|x64.ActiveCfg = Debug|x64
		{5B78F5E2-E65F-4DE1-B41F-27EF3D5110C2}.Debug|x64.Build.0 = Debug|x64
		{5B78F5E2-E65F-4DE1-B41F-27EF3D5110C2}.Debug|x86.ActiveCfg = Debug|Win32
		{5B78F5E2-E65F-4DE1-B41F-27EF3D5110C2}.Debug|x86.Build.0 = Debug|Win32
		{5B78F5E2-E65F-4DE1-B41F-27EF3D5110C2}.Release|x64.ActiveCfg = Release|x64
		{5B78F5E2-E65F-4DE1-B41F-27EF3D5110C2}.Release|x64.Build.0 = Release|x64
		{5B78F5E2-E65F-4DE1-B41F-27EF3D5110C2}.Release|x86.ActiveCfg = Release|Win32
		{5B78F5E2-E65F-4DE1-B41F-27EF3D5110C2}.Release|x86.Build.0 = Release|Win32
		{75E0F4AC-E470-41AD-A7B1-3706FFBE0A65}.Debug|x64.ActiveCfg = Debug|x64
		{75E0F4AC-E470-41AD-A7B1-3706FFBE0A65}.Debug|x64.Build.0 = Debug|x64
		{75E0F4AC-E470-41AD-A7B1-3706FFBE0A65}.Debug|x86.ActiveCfg = Debug|Win32
		{75E0F4AC-E470-41AD-A7B1-3706FFBE0A65}.Debug|x86.Build.0 = Debug|Win32
		{75E0F4AC-E470-41AD-A7B1-3706FFBE0A65}.Release|x64.ActiveCfg = Release|x64
		{75E0F4AC-E470-41AD-A7B1-3706FFBE0A65}.Release|x64.Build.0 = Release|x64
		{75E0F4AC-E470-41AD-A7B1-3706FFBE0A65}.Release|x86.ActiveCfg = Release|Win32
		{75E0F4AC-E470-41AD-A7B1-3706FFBE0A65}.Release|x86.Build.0 = Release|Win32
		{49E48065-9F91-4450-B793-508C086364C8}.Debug|x64.ActiveCfg = Debug|x64
		{49E48065-9F91-4450-B793-508C086364C8}.Debug|x64.Build.0 = Debug|x64
		{49E48065-9F91-4450-B793-508C086364C8}.Debug|x86.ActiveCfg = Debug|Win32
		{49E48065-9F91-4450-B793-508C086364C8}.Debug|x86.Build.0 = Debug|Win32
		{49E48065-9F91-4450-B793-508C086364C8}.Release|x64.ActiveCfg = Release|x64
		{49E48065-9F91-4450-B793-508C086364C8}.Release|x64.Build.0 = Release|x64
		{49E48065-9F91-4450-B793-508C086364C8}.Release|x86.ActiveCfg = Release|Win32
		{49E48065-9F91-4450-B793-508C086364C8}.Release|x86.Build.0 = Release|Win32
		{D4D2E262-6781-46D8-82D0-971D262B3FC3}.Debug|x64.ActiveCfg = Debug|x64
		{D4D2E262-6781-46D8-82D0-971D262B3FC3}.Debug|x64.Build.0 = Debug|x64
		{D4D2E262-6781-46D8-82D0-971D262B3FC3}.Debug|x86.ActiveCfg = Debug|Win32
		{D4D2E262-6781-46D8-82D0-971D262B3FC3}.Debug|x86.Build.0 = Debug|Win32
		{D4D2E262-6781-46D8-82D0-971D262B3FC3}.Release|x64.ActiveCfg = Release|x64
		{D4D2E262-6781-46D8-82D0-971D262B3FC3}.Release|x64.Build.0 = Release|x64
		{D4D2E262-6781-46D8-82D0-971D262B3FC3}.Release|x86.ActiveCfg = Release|Win32
		{D4D2E262-6781-46D8-82D0-971D262B3FC3}.Release|x86.Build.0 = Release|Win32
		{34535E84-AB6C-4835-A97B-B1AACB55362C}.Debug|x64.ActiveCfg = Debug|x64
		{34535E84-AB6C-4835-A97B-B1AACB55362C}.Debug|x64.Build.0 = Debug|x64
		{34535E84-AB6C-4835-A97B-B1AACB55362C}.Debug|x86.ActiveCfg = Debug|Win32
		{34535E84-AB6C-4835-A97B-B1AACB55362C}.Debug|x86.Build.0 = Debug|Win32
		{34535E84-AB6C-4835-A97B-B1AACB55362C}.Release|x64.ActiveCfg = Release|x64
		{34535E84-AB6C-4835-A97B-B1AACB55362C}.Release|x64.Build.0 = Release|x64
		{34535E84-AB6C-4835-A97B-B1AACB55362C}.Release|x86.ActiveCfg = Release|Win32
		{34535E84-AB6C-4835-A97B-B1AACB55362C}.Release|x86.Build.0 = Release|Win32
		{F1670020-38D6-434A-9E34-44A47AA988E2}.Debug|x64.ActiveCfg = Debug|x64
		{F1670020-38D6-434A-9E34-44A47AA988E2}.Debug|x64.Build.0 = Debug|x64
		{F1670020-38D6-434A-9E34-44A47AA988E2}.Debug|x86.ActiveCfg = Debug|Win32
		{F1670020-38D6-434A-9E34-44A47AA988E2}.Debug|x86.Build.0 = Debug|Win32
		{F1670020-38D6-434A-9E34-44A47AA988E2}.Release|x64.ActiveCfg = Release|x64
		{F1670020-38D6-434A-9E34-44A47AA988E2}.Release|x64.Build.0 = Release|x64
		{F1670020-38D6-434A-9E34-44A47AA988E2}.Release|x86.ActiveCfg = Release|Win32
		{F1670020-38D6-434A-9E34-44A47AA988E2}.Release|x86.Build.0 = Release|Win32
		{BC1C120D-32B9-4DD4-B6CD-C9D42BF2A5CC}.Debug|x64.ActiveCfg = Debug|x64
		{BC1C120D-32B9-4DD4-B6CD-C9D42BF2A5CC}.Debug|x64.Build.0 = Debug|x64
		{BC1C120D-32B9-4DD4-B6CD-C9D42BF2A5CC}.Debug|x86.ActiveCfg = Debug|Win32
		{BC1C120D-32B9-4DD4-B6CD-C9D42BF2A5CC}.Debug|x86.Build.0 = Debug|Win32
		{BC1C120D-32B9-4DD4-B6CD-C9D42BF2A5CC}.Release|x64.ActiveCfg = Release|x64
		{BC1C120D-32B9-4DD4-B6CD-C9D42BF2A5CC}.Release|x64.Build.0 = Release|x64
		{BC1C120D-32B9-4DD4-B6CD-C9D42BF2A5CC}.Release|x86.ActiveCfg = Release|Win32
		{BC1C120D-32B9-4DD4-B6CD-C9D42BF2A5CC}.Release|x86.Build.0 = Release|Win32
		{226DB0CE-A2B1-42F0-AA8A-EDD2A72B5785}.Debug|x64.ActiveCfg = Debug|x64
		{226DB0CE-A2B1-42F0-AA8A-EDD2A72B5785}.Debug|x64.Build.0 = Debug|x64
		{226DB0CE-A2B1-42F0-AA8A-EDD2A72B5785}.Debug|x86.ActiveCfg = Debug|Win32
		{226DB0CE-A2B1-42F0-AA8A-EDD2A72B5785}.Debug|x86.Build.0 = Debug|Win32
		{226DB0CE-A2B1-42F0-AA8A-EDD2A72B5785}.Release|x64.ActiveCfg = Release|x64
		{226DB0CE-A2B1-42F0-AA8A-EDD2A72B5785}.Release|x64.Build.0 = Release|x64
		{226DB0CE-A2B1-42F0-AA8A-EDD2A72B5785}.Release|x86.ActiveCfg = Release|Win32
		{226DB0CE-A2B1-42F0-AA8A-EDD2A72B5785}.Release|x86.Build.0 = Release|Win32
		{618BC395-3F3E-4CFB-A7D3-498DB557AD2F}.Debug|x64.ActiveCfg = Debug|x64
		{618BC395-3F3E-4CFB-A7D3-498DB557AD2F}.Debug|x64.Build.0 = Debug|x64
		{618BC395-3F3E-4CFB-A7D3-498DB557AD2F}.Debug|x86.ActiveCfg = Debug|Win32
		{618BC395-3F3E-4CFB-A7D3-498DB557AD2F}.Debug|x86.Build.0 = Debug|Win32
		{618BC395-3F3E-4CFB-A7D3-498DB557AD2F}.Release|x64.ActiveCfg = Release|x64
		{618BC395-3F3E-4CFB-A7D3-498DB557AD2F}.Release|x64.Build.0 = Release|x64
		{618BC395-3F3E-4CFB-A7D3-498DB557AD2F}.Release|x86.ActiveCfg = Release|Win32
		{618BC395-3F3E-4CFB-A7D3-498DB557AD2F}.Release|x86.Build.0 = Release|Win32
		{4A5E29AE-26FD-4216-AB5F-8C4080161184}.Debug|x64.ActiveCfg = Debug|x64
		{4A5E29AE-26FD-4216-AB5F-8C4080161184}.Debug|x64.Build.0 = Debug|x64
		{4A5E29AE-26FD-4216-AB5F-8C4080161184}.Debug|x86.ActiveCfg = Debug|Win32
		{4A5E29AE-26FD-4216-AB5F-8C4080161184}.Debug|x86.Build.0 = Debug|Win32
		{4A5E29AE-26FD-4216-AB5F-8C4080161184}.Release|x64.ActiveCfg = Release|x64
		{4A5E29AE-26FD-4216-AB5F-8C4080161184}.Release|x64.Build.0 = Release|x64
		{4A5E29AE-26FD-4216-AB5F-8C4080161184}.Release|x86.ActiveCfg = Release|Win32
		{4A5E29AE-26FD-4216-AB5F-8C4080161184}.Release|x86.Build.0 = Release|Win32
		{BECD81D2-7385-4124-B640-27E85C9322AE}.Debug|x64.ActiveCfg = Debug|x64
		{BECD81D2-7385-4124-B640-27E85C9322AE}.Debug|x64.Build.0 = Debug|x64
		{BECD81D2-7385-4124-B640-27E85C9322AE}.Debug|x86.ActiveCfg = Debug|Win32
		{BECD81D2-7385-4124-B640-27E85C9322AE}.Debug|x86.Build.0 = Debug|Win32
		{BECD81D2-7385-4124-B640-27E85C9322AE}.Release|x64.ActiveCfg = Release|x64
		{BECD81D2-7385-4124-B640-27E85C9322AE}.Release|x64.Build.0 = Release|x64
		{BECD81D2-7385-4124-B640-27E85C9322AE}.Release|x86.ActiveCfg = Release|Win32
		{BECD81D2-7385-4124-B640-27E85C9322AE}.Release|x86.Build.0 = Release|Win32
		{5BA37A48-5E21-4314-AE90-86C5956A573E}.Debug|x64.ActiveCfg = Debug|x64
		{5BA37A48-5E21-4314-AE90-86C5956A573E}.Debug|x64.Build.0 = Debug|x64
		{5BA37A48-5E21-4314-AE90-86C5956A573E}.Debug|x86.ActiveCfg = Debug|Win32
		{5BA37A48-5E21-4314-AE90-86C5956A573E}.Debug|x86.Build.0 = Debug|Win32
		{5BA37A48-5E21-4314-AE90-86C5956A573E}.Release|x64.ActiveCfg = Release|x64
		{5BA37A48-5E21-4314-AE90-86C5956A573E}.Release|x64.Build.0 = Release|x64
		{5BA37A48-5E21-4314-AE90-86C5956A573E}.Release|x86.ActiveCfg = Release|Win32
		{5BA37A48-5E21-4314-AE90-86C5956A573E}.Release|x86.Build.0 = Release|Win32
		{C1E949F4-264C-408C-97D2-5295E10B11BF}.Debug|x64.ActiveCfg = Debug|x64
		{C1E949F4-264C-408C-97D2-5295E10B11BF}.Debug|x64.Build.0 = Debug|x64
		{C1E949F4-264C-408C-97D2-5295E10B11BF}.Debug|x86.ActiveCfg = Debug|Win32
		{C1E949F4-264C-408C-97D2-5295E10B11BF}.Debug|x86.Build.0 = Debug|Win32
		{C1E949F4-264C-408C-97D2-5295E10B11BF}.Release|x64.ActiveCfg = Release|x64
		{C1E949F4-264C-408C-97D2-5295E10B11BF}.Release|x64.Build.0 = Release|x64
		{C1E949F4-264C-408C-97D2-5295E10B11BF}.Release|x86.ActiveCfg = Release|Win32
		{C1E949F4-264C-408C-97D2-5295E10B11BF}.Release|x86.Build.0 = Release|Win32
		{06235B72-97C6-4E3C-B450-207BB3DC2432}.Debug|x64.ActiveCfg = Debug|x64
		{06235B72-97C6-4E3C-B450-207BB3DC2432}.Debug|x64.Build.0 = Debug|x64
		{06235B72-97C6-4E3C-B450-207BB3DC2432}.Debug|x86.ActiveCfg = Debug|Win32
		{06235B72-97C6-4E3C-B450-207BB3DC2432}.Debug|x86.Build.0 = Debug|Win32
		{06235B72-97C6-4E3C-B450-207BB3DC2432}.Release|x64.ActiveCfg = Release|x64
		{06235B72-97C6-4E3C-B450-207BB3DC2432}.Release|x64.Build.0 = Release|x64
		{06235B72-97C6-4E3C-B450-207BB3DC2432}.Release|x86.ActiveCfg = Release|Win32
		{06235B72-97C6-4E3C-B450-207BB3DC2432}.Release|x86.Build.0 = Release|Win32
		{D2F068BE-4ED8-4809-9E6E-ECB597257C76}.Debug|x64.ActiveCfg = Debug|x64
		{D2F068BE-4ED8-4809-9E6E-ECB597257C76}.Debug|x64.Build.0 = Debug|x64
		{D2F068BE-4ED8-4809-9E6E-ECB597257C76}.Debug|x86.ActiveCfg = Debug|Win32
		{D2F068BE-4ED8-4809-9E6E-ECB597257C76}.Debug|x86.Build.0 = Debug|Win32
		{D2F068BE-4ED8-4809-9E6E-ECB597257C76}.Release|x64.ActiveCfg = Release|x64
		{D2F068BE-4ED8-4809-9E6E-ECB597257C76}.Release|x64.Build.0 = Release|x64
		{D2F068BE-4ED8-4809-9E6E-ECB597257C76}.Release|x86.ActiveCfg = Release|Win32
		{D2F068BE-4ED8-4809-9E6E-ECB597257C76}.Release|x86.Build.0 = Release|Win32
		{8DB6A1B7-A8CE-4625-B655-40762BFF1069}.Debug|x64.ActiveCfg = Debug|x64
		{8DB6A1B7-A8CE-4625-B655-40762BFF1069}.Debug|x64.Build.0 = Debug|x64
		{8DB6A1B7-A8CE-4625-B655-40762BFF1069}.Debug|x86.ActiveCfg = Debug|Win32
		{8DB6A1B7-A8CE-4625-B655-40762BFF1069}.Debug|x86.Build.0 = Debug|Win32
		{8DB6A1B7-A8CE-4625-B655-40762BFF1069}.Release|x64.ActiveCfg = Release|x64
		{8DB6A1B7-A8CE-4625-B655-40762BFF1069}.Release|x64.Build.0 = Release|x64
		{8DB6A1B7-A8CE-4625-B655-40762BFF1069}.Release|x86.ActiveCfg = Release|Win32
		{8DB6A1B7-A8CE-4625-B655-40762BFF1069}.Release|x86.Build.0 = Release|Win32
		{265F5EB0-A8FD-4726-AC97-6E292FE755A2}.Debug|x64.ActiveCfg = Debug|x64
		{265F5EB0-A8FD-4726-AC97-6E292FE755A2}.Debug|x64.Build.0 = Debug|x64
		{265F5EB0-A8FD-4726-AC97-6E292FE755A2}.Debug|x86.ActiveCfg = Debug|Win32
		{265F5EB0-A8FD-4726-AC97-6E292FE755A2}.Debug|x86.Build.0 = Debug|Win32
		{265F5EB0-A8FD-4726-AC97-6E292FE755A2}.Release|x64.ActiveCfg = Release|x64
		{265F5EB0-A8FD-4726-AC97-6E292FE755A2}.Release|x64.Build.0 = Release|x64
		{265F5EB0-A8FD-4726-AC97-6E292FE755A2}.Release|x86.ActiveCfg = Release|Win32
		{265F5EB0-A8FD-4726-AC97-6E292FE755A2}.Release|x86.Build.0 = Release|Win32
		{B728FCD8-E5C8-4EC0-AC63-BFA2671CCBDA}.Debug|x64.ActiveCfg = Debug|x64
		{B728FCD8-E5C8-4EC0-AC63-BFA2671CCBDA}.Debug|x64.Build.0 = Debug|x64
		{B728FCD8-E5C8-4EC0-AC63-BFA2671CCBDA}.Debug|x86.ActiveCfg = Debug|Win32
		{B728FCD8-E5C8-4EC0-AC63-BFA2671CCBDA}.Debug|x86.Build.0 = Debug|Win32
		{B728FCD8-E5C8-4EC0-AC63-BFA2671CCBDA}.Release|x64.ActiveCfg = Release|x64
		{B728FCD8-E5C8-4EC0-AC63-BFA2671CCBDA}.Release|x64.Build.0 = Release|x64
		{B728FCD8-E5C8-4EC0-AC63-BFA2671CCBDA}.Release|x86.ActiveCfg = Release|Win32
		{B728FCD8-E5C8-4EC0-AC63-BFA2671CCBDA}.Release|x86.Build.0 = Release|Win32
		{BF7D0969-F1DF-4523-B329-B7282DED8CB8}.Debug|x64.ActiveCfg = Debug|x64
		{BF7D0969-F1DF-4523-B329-B7282DED8CB8}.Debug|x64.Build.0 = Debug|x64
		{BF7D0969-F1DF-4523-B329-B7282DED8CB8}.Debug|x86.ActiveCfg = Debug|Win32
		{BF7D0969-F1DF-4523-B329-B7282DED8CB8}.Debug|x86.Build.0 = Debug|Win32
		{BF7D0969-F1DF-4523-B329-B7282DED8CB8}.Release|x64.ActiveCfg = Release|x64
		{BF7D0969-F1DF-4523-B329-B7282DED8CB8}.Release|x64.Build.0 = Release|x64
		{BF7D0969-F1DF-4523-B329-B7282DED8CB8}.Release|x86.ActiveCfg = Release|Win32
		{BF7D0969-F1DF-4523-B329-B7282DED8CB8}.Release|x86.Build.0 = Release|Win32
		{B14795BA-8328-4418-A4F3-65928DDB55A1}.Debug|x64.ActiveCfg = Debug|x64
		{B14795BA-8328-4418-A4F3-65928DDB55A1}.Debug|x64.Build.0 = Debug|x64
		{B14795BA-8328-4418-A4F3-65928DDB55A1}.Debug|x86.ActiveCfg = Debug|Win32
		{B14795BA-8328-4418-A4F3-65928DDB55A1}.Debug|x86.Build.0 = Debug|Win32
		{B14795BA-8328-4418-A4F3-65928DDB55A1}.Release|x64.ActiveCfg = Release|x64
		{B14795BA-8328-4418-A4F3-65928DDB55A1}.Release|x64.Build.0 = Release|x64
		{B14795BA-8328-4418-A4F3-65928DDB55A1}.Release|x86.ActiveCfg = Release|Win32
		{B14795BA-8328-4418-A4F3-65928DDB55A1}.Release|x86.Build.0 = Release|Win32
		{CE09675A-6AEB-40A5-A918-051C34ADDC48}.Debug|x64.ActiveCfg = Debug|x64
		{CE09675A-6AEB-40A5-A918-051C34ADDC48}.Debug|x64.Build.0 = Debug|x64
		{CE09675A-6AEB-40A5-A918-051C34ADDC48}.Debug|x86.ActiveCfg = Debug|Win32
		{CE09675A-6AEB-40A5-A918-051C34ADDC48}.Debug|x86.Build.0 = Debug|Win32
		{CE09675A-6AEB-40A5-A918-051C34ADDC48}.Release|x64.ActiveCfg = Release|x64
		{CE09675A-6AEB-40A5-A918-051C34ADDC48}.Release|x64.Build.0 = Release|x64
		{CE09675A-6AEB-40A5-A918-051C34ADDC48}.Release|x86.ActiveCfg = Release|Win32
		{CE09675A-6AEB-40A5-A918-051C34ADDC48}.Release|x86.Build.0 = Release|Win32
		{953D36B9-A636-48D8-BA15-9CA50972FFC6}.Debug|x64.ActiveCfg = Debug|x64
		{953D36B9-A636-48D8-BA15-9CA50972FFC6}.Debug|x64.Build.0 = Debug|x64
		{953D36B9-A636-48D8-BA15-9CA50972FFC6}.Debug|x86.ActiveCfg = Debug|Win32
		{953D36B9-A636-48D8-BA15-9CA50972FFC6}.Debug|x86.Build.0 = Debug|Win32
		{953D36B9-A636-48D8-BA15-9CA50972FFC6}.Release|x64.ActiveCfg = Release|x64
		{953D36B9-A636-48D8-BA15-9CA50972FFC6}.Release|x64.Build.0 = Release|x64
		{953D36B9-A636-48D8-BA15-9CA50972FFC6}.Release|x86.ActiveCfg = Release|Win32
		{953D36B9-A636-48D8-BA15-9CA50972FFC6}.Release|x86.Build.0 = Release|Win32
		{3D05B3A7-C009-4665-9405-79AB5D40453C}.Debug|x64.ActiveCfg = Debug|x64
		{3D05B3A7-C009-4665-9405-79AB5D40453C}.Debug|x64.Build.0 = Debug|x64
		{3D05B3A7-C009-4665-9405-79AB5D40453C}.Debug|x86.ActiveCfg = Debug|Win32
		{3D05B3A7-C009-4665-9405-79AB5D40453C}.Debug|x86.Build.0 = Debug|Win32
		{3D05B3A7-C009-4665-9405-79AB5D40453C}.Release|x64.ActiveCfg = Release|x64
		{3D05B3A7-C009-4665-9405-79AB5D40453C}.Release|x64.Build.0 = Release|x64
		{3D05B3A7-C009-4665-9405-79AB5D40453C}.Release|x86.ActiveCfg = Release|Win32
		{3D05B3A7-C009-4665-9405-79AB5D40453C}.Release|x86.Build.0 = Release|Win32
		{819F61BC-6102-4D1D-95F2-DAC1F353E5AE}.Debug|x64.ActiveCfg = Debug|x64
		{819F61BC-6102-4D1D-95F2-DAC1F353E5AE}.Debug|x64.Build.0 = Debug|x64
		{819F61BC-6102-4D1D-95F2-DAC1F353E5AE}.Debug|x86.ActiveCfg = Debug|Win32
		{819F61BC-6102-4D1D-95F2-DAC1F353E5AE}.Debug|x86.Build.0 = Debug|Win32
		{819F61BC-6102-4D1D-95F2-DAC1F353E5AE}.Release|x64.ActiveCfg = Release|x64
		{819F61BC-6102-4D1D-95F2-DAC1F353E5AE}.Release|x64.Build.0 = Release|x64
		{819F61BC-6102-4D1D-95F2-DAC1F353E5AE}.Release|x86.ActiveCfg = Release|Win32
		{819F61BC-6102-4D1D-95F2-DAC1F353E5AE}.Release|x86.Build.0 = Release|Win32
		{B50ECCF1-6CDD-418A-843E-6CEFA6ABA8AA}.Debug|x64.ActiveCfg = Debug|x64
		{B50ECCF1-6CDD-418A-843E-6CEFA6ABA8AA}.Debug|x64.Build.0 = Debug|x64
		{B50ECCF1-6CDD-418A-843E-6CEFA6ABA8AA}.Debug|x86.ActiveCfg = Debug|Win32
		{B50ECCF1-6CDD-418A-843E-6CEFA6ABA8AA}.Debug|x86.Build.0 = Debug|Win32
		{B50ECCF1-6CDD-418A-843E-6CEFA6ABA8AA}.Release|x64.ActiveCfg = Release|x64
		{B50ECCF1-6CDD-418A-843E-6CEFA6ABA8AA}.Release|x64.Build.0 = Release|x64
		{B50ECCF1-6CDD-418A-843E-6CEFA6ABA8AA}.Release|x86.ActiveCfg = Release|Win32
		{B50ECCF1-6CDD-418A-843E-6CEFA6ABA8AA}.Release|x86.Build.0 = Release|Win32
		{28E79333-B424-497F-BE29-426409DF46AE}.Debug|x64.ActiveCfg = Debug|x64
		{28E79333-B424-497F-BE29-426409DF46AE}.Debug|x64.Build.0 = Debug|x64
		{28E79333-B424-497F-BE29-426409DF46AE}.Debug|x86.ActiveCfg = Debug|Win32
		{28E79333-B424-497F-BE29-426409DF46AE}.Debug|x86.Build.0 = Debug|Win32
		{28E79333-B424-497F-BE29-426409DF46AE}.Release|x64.ActiveCfg = Release|x64
		{28E79333-B424-497F-BE29-426409DF46AE}.Release|x64.Build.0 = Release|x64
		{28E79333-B424-497F-BE29-426409DF46AE}.Release|x86.ActiveCfg = Release|Win32
		{28E79333-B424-497F-BE29-426409DF46AE}.Release|x86.Build.0 = Release|Win32
		{71246168-FDD8-4EB0-AF80-9CCAC9C441A5}.Debug|x64.ActiveCfg = Debug|x64
		{71246168-FDD8-4EB0-AF80-9CCAC9C441A5}.Debug|x64.Build.0 = Debug|x64
		{71246168-FDD8-4EB0-AF80-9CCAC9C441A5}.Debug|x86.ActiveCfg = Debug|Win32
		{71246168-FDD8-4EB0-AF80-9CCAC9C441A5}.Debug|x86.Build.0 = Debug|Win32
		{71246168-FDD8-4EB0-AF80-9CCAC9C441A5}.Release|x64.ActiveCfg = Release|x64
		{71246168-FDD8-4EB0-AF80-9CCAC9C441A5}.Release|x64.Build.0 = Release|x64
		{71246168-FDD8-4EB0-AF80-9CCAC9C441A5}.Release|x86.ActiveCfg = Release|Win32
		{71246168-FDD8-4EB0-AF80-9CCAC9C441A5}.Release|x86.Build.0 = Release|Win32
		{7AD61BE5-4D5C-4730-AA1D-DCE693D7DC43}.Debug|x64.ActiveCfg = Debug|x64
		{7AD61BE5-4D5C-4730-AA1D-DCE693D7DC43}.Debug|x64.Build.0 = Debug|x64
		{7AD61BE5-4D5C-4730-AA1D-DCE693D7DC43}.Debug|x86.ActiveCfg = Debug|Win32
		{7AD61BE5-4D5C-4730-AA1D-DCE693D7DC43}.Debug|x86.Build.0 = Debug|Win32
		{7AD61BE5-4D5C-4730-AA1D-DCE693D7DC43}.Release|x64.ActiveCfg = Release|x64
		{7AD61BE5-4D5C-4730-AA1D-DCE693D7DC43}.Release|x64.Build.0 = Release|x64
		{7AD61BE5-4D5C-4730-AA1D-DCE693D7DC43}.Release|x86.ActiveCfg = Release|Win32
		{7AD61BE5-4D5C-4730-AA1D-DCE693D7DC43}.Release|x86.Build.0 = Release|Win32
		{A18E37D5-4057-4A6A-9E29-1D6457BAADAE}.Debug|x64.ActiveCfg = Debug|x64
		{A18E37D5-4057-4A6A-9E29-1D6457BAADAE}.Debug|x64.Build.0 = Debug|x64
		{A18E37D5-4057-4A6A-9E29-1D6457BAADAE}.Debug|x86.ActiveCfg = Debug|Win32
		{A18E37D5-4057-4A6A-9E29-1D6457BAADAE}.Debug|x86.Build.0 = Debug|Win32
		{A18E37D5-4057-4A6A-9E29-1D6457BAADAE}.Release|x64.ActiveCfg = Release|x64
		{A18E37D5-4057-4A6A-9E29-1D6457BAADAE}.Release|x64.Build.0 = Release|x64
		{A18E37D5-4057-4A6A-9E29-1D6457BAADAE}.Release|x86.ActiveCfg = Release|Win32
		{A18E37D5-4057-4A6A-9E29-1D6457BAADAE}.Release|x86.Build.0 = Release|Win32
		{A1FA2B53-77AC-42E5-9635-317474FEDD3E}.Debug|x64.ActiveCfg = Debug|x64
		{A1FA2B53-77AC-42E5-9635-317474FEDD3E}.Debug|x64.Build.0 = Debug|x64
		{A1FA2B53-77AC-42E5-9635-317474FEDD3E}.Debug|x86.ActiveCfg = Debug|Win32
		{A1FA2B53-77AC-42E5-9635-317474FEDD3E}.Debug|x86.Build.0 = Debug|Win32
		{A1FA2B53-77AC-42E5-9635-317474FEDD3E}.Release|x64.ActiveCfg = Release|x64
		{A1FA2B53-77AC-42E5-9635-317474FEDD3E}.Release|x64.Build.0 = Release|x64
		{A1FA2B53-77AC-42E5-9635-317474FEDD3E}.Release|x86.ActiveCfg = Release|Win32
		{A1FA2B53-77AC-42E5-9635-317474FEDD3E}.Release|x86.Build.0 = Release|Win32
		{BAA53E0D-A26E-46D0-B4B7-A6AE1B1FD6F3}.Debug|x64.ActiveCfg = Debug|x64
		{BAA53E0D-A26E-46D0-B4B7-A6AE1B1FD6F3}.Debug|x64.Build.0 = Debug|x64
		{BAA53E0D-A26E-46D0-B4B7-A6AE1B1FD6F3}.Debug|x86.ActiveCfg = Debug|Win32
		{BAA53E0D-A26E-46D0-B4B7-A6AE1B1FD6F3}.Debug|x86.Build.0 = Debug|Win32
		{BAA53E0D-A26E-46D0-B4B7-A6AE1B1FD6F3}.Release|x64.ActiveCfg = Release|x64
		{BAA53E0D-A26E-46D0-B4B7-A6AE1B1FD6F3}.Release|x64.Build.0 = Release|x64
		{BAA53E0D-A26E-46D0-B4B7-A6AE1B1FD6F3}.Release|x86.ActiveCfg = Release|Win32
		{BAA53E0D-A26E-46D0-B4B7-A6AE1B1FD6F3}.Release|x86.Build.0 = Release|Win32
		{5DC758D7-C153-4FB9-B6BE-A22292CE35BB}.Debug|x64.ActiveCfg = Debug|x64
		{5DC758D7-C153-4FB9-B6BE-A22292CE35BB}.Debug|x64.Build.0 = Debug|x64
		{5DC758D7-C153-4FB9-B6BE-A22292CE35BB}.Debug|x86.ActiveCfg = Debug|Win32
		{5DC758D7-C153-4FB9-B6BE-A22292CE35BB}.Debug|x86.Build.0 = Debug|Win32
		{5DC758D7-C153-4FB9-B6BE-A22292CE35BB}.Release|x64.ActiveCfg = Release|x64
		{5DC758D7-C153-4FB9-B6BE-A22292CE35BB}.Release|x64.Build.0 = Release|x64
		{5DC758D7-C153-4FB9-B6BE-A22292CE35BB}.Release|x86.ActiveCfg = Release|Win32
		{5DC758D7-C153-4FB9-B6BE-A22292CE35BB}.Release|x86.Build.0 = Release|Win32
		{8767C1B0-4573-454A-BCF5-3B0C4F56E865}.Debug|x64.ActiveCfg = Debug|x64
		{8767C1B0-4573-454A-BCF5-3B0C4F56E865}.Debug|x64.Build.0 = Debug|x64
		{8767C1B0-4573-454A-BCF5-3B0C4F56E865}.Debug|x86.ActiveCfg = Debug|Win32
		{8767C1B0-4573-454A-BCF5-3B0C4F56E865}.Debug|x86.Build.0 = Debug|Win32
		{8767C1B0-4573-454A-BCF5-3B0C4F56E865}.Release|x64.ActiveCfg = Release|x64
		{8767C1B0-4573-454A-BCF5-3B0C4F56E865}.Release|x64.Build.0 = Release|x64
		{8767C1B0-4573-454A-BCF5-3B0C4F56E865}.Release|x86.ActiveCfg = Release|Win32
		{8767C1B0-4573-454A-BCF5-3B0C4F56E865}.Release|x86.Build.0 = Release|Win32
		{D3D32743-D867-4B31-A035-30101FA7D68E}.Debug|x64.ActiveCfg = Debug|x64
		{D3D32743-D867-4B31-A035-30101FA7D68E}.Debug|x64.Build.0 = Debug|x64
		{D3D32743-D867-4B31-A035-30101FA7D68E}.Debug|x86.ActiveCfg = Debug|Win32
		{D3D32743-D867-4B31-A035-30101FA7D68E}.Debug|x86.Build.0 = Debug|Win32
		{D3D32743-D867-4B31-A035-30101FA7D68E}.Release|x64.ActiveCfg = Release|x64
		{D3D32743-D867-4B31-A035-30101FA7D68E}.Release|x64.Build.0 = Release|x64
		{D3D32743-D867-4B31-A035-30101FA7D68E}.Release|x86.ActiveCfg = Release|Win32
		{D3D32743-D867-4B31-A035-30101FA7D68E}.Release|x86.Build.0 = Release|Win32
		{19197205-0441-4DB3-A31D-37ADEAA3E52F}.Debug|x64.ActiveCfg = Debug|x64
		{19197205-0441-4DB3-A31D-37ADEAA3E52F}.Debug|x64.Build.0 = Debug|x64
		{19197205-0441-4DB3-A31D-37ADEAA3E52F}.Debug|x86.ActiveCfg = Debug|Win32
		{19197205-0441-4DB3-A31D-37ADEAA3E52F}.Debug|x86.Build.0 = Debug|Win32
		{19197205-0441-4DB3-A31D-37ADEAA3E52F}.Release|x64.ActiveCfg = Release|x64
		{19197205-0441-4DB3-A31D-37ADEAA3E52F}.Release|x64.Build.0 = Release|x64
		{19197205-0441-4DB3-A31D-37ADEAA3E52F}.Release|x86.ActiveCfg = Release|Win32
		{19197205-0441-4DB3-A31D-37ADEAA3E52F}.Release|x86.Build.0 = Release|Win32
		{248DC2F3-289C-4142-9254-ACAE7A774B60}.Debug|x64.ActiveCfg = Debug|x64
		{248DC2F3-289C-4142-9254-ACAE7A774B60}.Debug|x64.Build.0 = Debug|x64
		{248DC2F3-289C-4142-9254-ACAE7A774B60}.Debug|x86.ActiveCfg = Debug|Win32
		{248DC2F3-289C-4142-9254-ACAE7A774B60}.Debug|x86.Build.0 = Debug|Win32
		{248DC2F3-289C-4142-9254-ACAE7A774B60}.Release|x64.ActiveCfg = Release|x64
		{248DC2F3-289C-4142-9254-ACAE7A774B60}.Release|x64.Build.0 = Release|x64
		{248DC2F3-289C-4142-9254-ACAE7A774B60}.Release|x86.ActiveCfg = Release|Win32
		{248DC2F3-289C-4142-9254-ACAE7A774B60}.Release|x86.Build.0 = Release|Win32
		{6B41607C-12A2-41F5-9D68-74A01B99F6E3}.Debug|x64.ActiveCfg = Debug|x64
		{6B41607C-12A2-41F5-9D68-74A01B99F6E3}.Debug|x64.Build.0 = Debug|x64
		{6B41607C-12A2-41F5-9D68-74A01B99F6E3}.Debug|x86.ActiveCfg = Debug|Win32
		{6B41607C-12A2-41F5-9D68-74A01B99F6E3}.Debug|x86.Build.0 = Debug|Win32
		{6B41607C-12A2-41F5-9D68-74A01B99F6E3}.Release|x64.ActiveCfg = Release|x64
		{6B41607C-12A2-41F5-9D68-74A01B99F6E3}.Release|x64.Build.0 = Release|x64
		{6B41607C-12A2-41F5-9D68-74A01B99F6E3}.Release|x86.ActiveCfg = Release|Win32
		{6B41607C-12A2-41F5-9D68-74A01B99F6E3}.Release|x86.Build.0 = Release|Win32
		{0F59975A-5AC3-45A7-9D9D-C1AB0C481829}.Debug|x64.ActiveCfg = Debug|x64
		{0F59975A-5AC3-45A7-9D9D-C1AB0C481829}.Debug|x64.Build.0 = Debug|x64
		{0F59975A-5AC3-45A7-9D9D-C1AB0C481829}.Debug|x86.ActiveCfg = Debug|Win32
		{0F59975A-5AC3-45A7-9D9D-C1AB0C481829}.Debug|x86.Build.0 = Debug|Win32
		{0F59975A-5AC3-45A7-9D9D-C1AB0C481829}.Release|x64.ActiveCfg = Release|x64
		{0F59975A-5AC3-45A7-9D9D-C1AB0C481829}.Release|x64.Build.0 = Release|x64
		{0F59975A-5AC3-45A7-9D9D-C1AB0C481829}.Release|x86.ActiveCfg = Release|Win32
		{0F59975A-5AC3-45A7-9D9D-C1AB0C481829}.Release|x86.Build.0 = Release|Win32
		{01C08A48-6645-4E14-986C-C2E4F4A9FBE8}.Debug|x64.ActiveCfg = Debug|x64
		{01C08A48-6645-4E14-986C-C2E4F4A9FBE8}.Debug|x64.Build.0 = Debug|x64
		{01C08A48-6645-4E14-986C-C2E4F4A9FBE8}.Debug|x86.ActiveCfg = Debug|Win32
		{01C08A48-6645-4E14-986C-C2E4F4A9FBE8}.Debug|x86.Build.0 = Debug|Win32
		{01C08A48-6645-4E14-986C-C2E4F4A9FBE8}.Release|x64.ActiveCfg = Release|x64
		{01C08A48-6645-4E14-986C-C2E4F4A9FBE8}.Release|x64.Build.0 = Release|x64
		{01C08A48-6645-4E14-986C-C2E4F4A9FBE8}.Release|x86.ActiveCfg = Release|Win32
		{01C08A48-6645-4E14-986C-C2E4F4A9FBE8}.Release|x86.Build.0 = Release|Win32
		{AA6CBA48-F9BD-4FFC-8FD8-CC72B0DB1CB5}.Debug|x64.ActiveCfg = Debug|x64
		{AA6CBA48-F9BD-4FFC-8FD8-CC72B0DB1CB5}.Debug|x64.Build.0 = Debug|x64
		{AA6CBA48-F9BD-4FFC-8FD8-CC72B0DB1CB5}.Debug|x86.ActiveCfg = Debug|Win32
		{AA6CBA48-F9BD-4FFC-8FD8-CC72B0DB1CB5}.Debug|x86.Build.0 = Debug|Win32
		{AA6CBA48-F9BD-4FFC-8FD8-CC72B0DB1CB5}.Release|x64.ActiveCfg = Release|x64
		{AA6CBA48-F9BD-4FFC-8FD8-CC72B0DB1CB5}.Release|x64.Build.0 = Release|x64
		{AA6CBA48-F9BD-4FFC-8FD8-CC72B0DB1CB5}.Release|x86.ActiveCfg = Release|Win32
		{AA6CBA48-F9BD-4FFC-8FD8-CC72B0DB1CB5}.Release|x86.Build.0 = Release|Win32
		{E50BFD79-0D92-47C4-A884-D339A87C4F36}.Debug|x64.ActiveCfg = Debug|x64
		{E50BFD79-0D92-47C4-A884-D339A87C4F36}.Debug|x64.Build.0 = Debug|x64
		{E50BFD79-0D92-47C4-A884-D339A87C4F36}.Debug|x86.ActiveCfg = Debug|Win32
		{E50BFD79-0D92-47C4-A884-D339A87C4F36}.Debug|x86.Build.0 = Debug|Win32
		{E50BFD79-0D92-47C4-A884-D339A87C4F36}.Release|x64.ActiveCfg = Release|x64
		{E50BFD79-0D92-47C4-A884-D339A87C4F36}.Release|x64.Build.0 = Release|x64
		{E50BFD79-0D92-47C4-A884-D339A87C4F36}.Release|x86.ActiveCfg = Release|Win32
		{E50BFD79-0D92-47C4-A884-D339A87C4F36}.Release|x86.Build.0 = Release|Win32
		{D4C990F0-D309-482E-B439-C51654CCEF0B}.Debug|x64.ActiveCfg = Debug|x64
		{D4C990F0-D309-482E-B439-C51654CCEF0B}.Debug|x64.Build.0 = Debug|x64
		{D4C990F0-D309-482E-B439-C51654CCEF0B}.Debug|x86.ActiveCfg = Debug|Win32
		{D4C990F0-D309-482E-B439-C51654CCEF0B}.Debug|x86.Build.0 = Debug|Win32
		{D4C990F0-D309-482E-B439-C51654CCEF0B}.Release|x64.ActiveCfg = Release|x64
		{D4C990F0-D309-482E-B439-C51654CCEF0B}.Release|x64.Build.0 = Release|x64
		{D4C990F0-D309-482E-B439-C51654CCEF0B}.Release|x86.ActiveCfg = Release|Win32
		{D4C990F0-D309-482E-B439-C51654CCEF0B}.Release|x86.Build.0 = Release|Win32
		{28B967E8-18AA-49FF-B363-2D4066F4668A}.Debug|x64.ActiveCfg = Debug|x64
		{28B967E8-18AA-49FF-B363-2D4066F4668A}.Debug|x64.Build.0 = Debug|x64
		{28B967E8-18AA-49FF-B363-2D4066F4668A}.Debug|x86.ActiveCfg = Debug|Win32
		{28B967E8-18AA-49FF-B363-2D4066F4668A}.Debug|x86.Build.0 = Debug|Win32
		{28B967E8-18AA-49FF-B363-2D4066F4668A}.Release|x64.ActiveCfg = Release|x64
		{28B967E8-18AA-49FF-B363-2D4066F4668A}.Release|x64.Build.0 = Release|x64
		{28B967E8-18AA-49FF-B363-2D4066F4668A}.Release|x86.ActiveCfg = Release|Win32
		{28B967E8-18AA-49FF-B363-2D4066F4668A}.Release|x86.Build.0 = Release|Win32
		{6C7DF429-BCCA-4DBC-9375-8F9A638DCD29}.Debug|x64.ActiveCfg = Debug|x64
		{6C7DF429-BCCA-4DBC-9375-8F9A638DCD29}.Debug|x64.Build.0 = Debug|x64
		{6C7DF429-BCCA-4DBC-9375-8F9A638DCD29}.Debug|x86.ActiveCfg = Debug|Win32
		{6C7DF429-BCCA-4DBC-9375-8F9A638DCD29}.Debug|x86.Build.0 = Debug|Win32
		{6C7DF429-BCCA-4DBC-9375-8F9A638DCD29}.Release|x64.ActiveCfg = Release|x64
		{6C7DF429-BCCA-4DBC-9375-8F9A638DCD29}.Release|x64.Build.0 = Release|x64
		{6C7DF429-BCCA-4DBC-9375-8F9A638DCD29}.Release|x86.ActiveCfg = Release|Win32
		{6C7DF429-BCCA-4DBC-9375-8F9A638DCD29}.Release|x86.Build.0 = Release|Win32
		{852B29CB-AFE1-4D82-BDB0-38BFEB580855}.Debug|x64.ActiveCfg = Debug|x64
		{852B29CB-AFE1-4D82-BDB0-38BFEB580855}.Debug|x64.Build.0 = Debug|x64
		{852B29CB-AFE1-4D82-BDB0-38BFEB580855}.Debug|x86.ActiveCfg = Debug|Win32
		{852B29CB-AFE1-4D82-BDB0-38BFEB580855}.Debug|x86.Build.0 = Debug|Win32
		{852B29CB-AFE1-4D82-BDB0-38BFEB580855}.Release|x64.ActiveCfg = Release|x64
		{852B29CB-AFE1-4D82-BDB0-38BFEB580855}.Release|x64.Build.0 = Release|x64
		{852B29CB-AFE1-4D82-BDB0-38BFEB580855}.Release|x86.ActiveCfg = Release|Win32
		{852B29CB-AFE1-4D82-BDB0-38BFEB580855}.Release|x86.Build.0 = Release|Win32
		{4EC89EE0-8530-4A36-B57A-7F9640CE05F7}.Debug|x64.ActiveCfg = Debug|x64
		{4EC89EE0-8530-4A36-B57A-7F9640CE05F7}.Debug|x64.Build.0 = Debug|x64
		{4EC89EE0-8530-4A36-B57A-7F9640CE05F7}.Debug|x86.ActiveCfg = Debug|Win32
		{4EC89EE0-8530-4A36-B57A-7F9640CE05F7}.Debug|x86.Build.0 = Debug|Win32
		{4EC89EE0-8530-4A36-B57A-7F9640CE05F7}.Release|x64.ActiveCfg = Release|x64
		{4EC89EE0-8530-4A36-B57A-7F9640CE05F7}.Release|x64.Build.0 = Release|x64
		{4EC89EE0-8530-4A36-B57A-7F9640CE05F7}.Release|x86.ActiveCfg = Release|Win32
		{4EC89EE0-8530-4A36-B57A-7F9640CE05F7}.Release|x86.Build.0 = Release|Win32
		{8FEB10FF-C16A-4D01-B41C-9FE86D5C145F}.Debug|x64.ActiveCfg = Debug|x64
		{8FEB10FF-C16A-4D01-B41C-9FE86D5C145F}.Debug|x64.Build.0 = Debug|x64
		{8FEB10FF-C16A-4D01-B41C-9FE86D5C145F}.Debug|x86.ActiveCfg = Debug|Win32
		{8FEB10FF-C16A-4D01-B41C-9FE86D5C145F}.Debug|x86.Build.0 = Debug|Win32
		{8FEB10FF-C16A-4D01-B41C-9FE86D5C145F}.Release|x64.ActiveCfg = Release|x64
		{8FEB10FF-C16A-4D01-B41C-9FE86D5C145F}.Release|x64.Build.0 = Release|x64
		{8FEB10FF-C16A-4D01-B41C-9FE86D5C145F}.Release|x86.ActiveCfg = Release|Win32
		{8FEB10FF-C16A-4D01-B41C-9FE86D5C145F}.Release|x86.Build.0 = Release|Win32
		{2C8BC03A-420E-48BC-9573-86B0AEF85D40}.Debug|x64.ActiveCfg = Debug|x64
		{2C8BC03A-420E-48BC-9573-86B0AEF85D40}.Debug|x64.Build.0 = Debug|x64
		{2C8BC03A-420E-48BC-9573-86B0AEF85D40}.Debug|x86.ActiveCfg = Debug|Win32
		{2C8BC03A-420E-48BC-9573-86B0AEF85D40}.Debug|x86.Build.0 = Debug|Win32
		{2C8BC03A-420E-48BC-9573-86B0AEF85D40}.Release|x64.ActiveCfg = Release|x64
		{2C8BC03A-420E-48BC-9573-86B0AEF85D40}.Release|x64.Build.0 = Release|x64
		{2C8BC03A-420E-48BC-9573-86B0AEF85D40}.Release|x86.ActiveCfg = Release|Win32
		{2C8BC03A-420E-48BC-9573-86B0AEF85D40}.Release|x86.Build.0 = Release|Win32
		{613EB8B6-8E19-469B-BD0A-A17BD86CD56A}.Debug|x64.ActiveCfg = Debug|x64
		{613EB8B6-8E19-469B-BD0A-A17BD86CD56A}.Debug|x64.Build.0 = Debug|x64
		{613EB8B6-8E19-469B-BD0A-A17BD86CD56A}.Debug|x86.ActiveCfg = Debug|Win32
		{613EB8B6-8E19-469B-BD0A-A17BD86CD56A}.Debug|x86.Build.0 = Debug|Win32
		{613EB8B6-8E19-469B-BD0A-A17BD86CD56A}.Release|x64.ActiveCfg = Release|x64
		{613EB8B6-8E19-469B-BD0A-A17BD86CD56A}.Release|x64.Build.0 = Release|x64
		{613EB8B6-8E19-469B-BD0A-A17BD86CD56A}.Release|x86.ActiveCfg = Release|Win32
		{613EB8B6-8E19-469B-BD0A-A17BD86CD56A}.Release|x86.Build.0 = Release|Win32
		{88D931DE-2A3D-483A-814E-42E443E71913}.Debug|x64.ActiveCfg = Debug|x64
		{88D931DE-2A3D-483A-814E-42E443E71913}.Debug|x64.Build.0 = Debug|x64
		{88D931DE-2A3D-483A-814E-42E443E71913}.Debug|x86.ActiveCfg = Debug|Win32
		{88D931DE-2A3D-483A-814E-42E443E71913}.Debug|x86.Build.0 = Debug|Win32
		{88D931DE-2A3D-483A-814E-42E443E71913}.Release|x64.ActiveCfg = Release|x64
		{88D931DE-2A3D-483A-814E-42E443E71913}.Release|x64.Build.0 = Release|x64
		{88D931DE-2A3D-483A-814E-42E443E71913}.Release|x86.ActiveCfg = Release|Win32
		{88D931DE-2A3D-483A-814E-42E443E71913}.Release|x86.Build.0 = Release|Win32
		{4570C828-FCBC-4CB6-9873-A82C7609311C}.Debug|x64.ActiveCfg = Debug|x64
		{4570C828-FCBC-4CB6-9873-A82C7609311C}.Debug|x64.Build.0 = Debug|x64
		{4570C828-FCBC-4CB6-9873-A82C7609311C}.Debug|x86.ActiveCfg = Debug|Win32
		{4570C828-FCBC-4CB6-9873-A82C7609311C}.Debug|x86.Build.0 = Debug|Win32
		{4570C828-FCBC-4CB6-9873-A82C7609311C}.Release|x64.ActiveCfg = Release|x64
		{4570C828-FCBC-4CB6-9873-A82C7609311C}.Release|x64.Build.0 = Release|x64
		{4570C828-FCBC-4CB6-9873-A82C7609311C}.Release|x86.ActiveCfg = Release|Win32
		{4570C828-FCBC-4CB6-9873-A82C7609311C}.Release|x86.Build.0 = Release|Win32
		{B2E2DD6A-2BA7-4607-B3C2-63EC529CFE38}.Debug|x64.ActiveCfg = Debug|x64
		{B2E2DD6A-2BA7-4607-B3C2-63EC529CFE38}.Debug|x64.Build.0 = Debug|x64
		{B2E2DD6A-2BA7-4607-B3C2-63EC529CFE38}.Debug|x86.ActiveCfg = Debug|Win32
		{B2E2DD6A-2BA7-4607-B3C2-63EC529CFE38}.Debug|x86.Build.0 = Debug|Win32
		{B2E2DD6A-2BA7-4607-B3C2-63EC529CFE38}.Release|x64.ActiveCfg = Release|x64
		{B2E2DD6A-2BA7-4607-B3C2-63EC529CFE38}.Release|x64.Build.0 = Release|x64
		{B2E2DD6A-2BA7-4607-B3C2-63EC529CFE38}.Release|x86.ActiveCfg = Release|Win32
		{B2E2DD6A-2BA7-4607-B3C2-63EC529CFE38}.Release|x86.Build.0 = Release|Win32
		{ECA43657-2C5D-481B-9C4C-6D867ECEDED4}.Debug|x64.ActiveCfg = Debug|x64
		{ECA43657-2C5D-481B-9C4C-6D867ECEDED4}.Debug|x64.Build.0 = Debug|x64
		{ECA43657-2C5D-481B-9C4C-6D867ECEDED4}.Debug|x86.ActiveCfg = Debug|Win32
		{ECA43657-2C5D-481B-9C4C-6D867ECEDED4}.Debug|x86.Build.0 = Debug|Win32
		{ECA43657-2C5D-481B-9C4C-6D867ECEDED4}.Release|x64.ActiveCfg = Release|x64
		{ECA43657-2C5D-481B-9C4C-6D867ECEDED4}.Release|x64.Build.0 = Release|x64
		{ECA43657-2C5D-481B-9C4C-6D867ECEDED4}.Release|x86.ActiveCfg = Release|Win32
		{ECA43657-2C5D-481B-9C4C-6D867ECEDED4}.Release|x86.Build.0 = Release|Win32
	EndGlobalSection
	GlobalSection(SolutionProperties) = preSolution
		HideSolutionNode = FALSE
	EndGlobalSection
	GlobalSection(ExtensibilityGlobals) = postSolution
		SolutionGuid = {75A7A686-06C2-48B7-B422-D37E864EE3E5}
	EndGlobalSection
EndGlobal
