
Microsoft Visual Studio Solution File, Format Version 12.00
# Visual Studio Version 17
VisualStudioVersion = 17.9.34723.18
MinimumVisualStudioVersion = 10.0.40219.1
Project("{8BC9CEB8-8B4A-11D0-8D11-00A0C91BC942}") = "1_lesson", "1_lesson\1_lesson.vcxproj", "{F0655851-DC95-4F9A-B74B-84CEAE1E34B3}"
EndProject
Project("{8BC9CEB8-8B4A-11D0-8D11-00A0C91BC942}") = "2_lesson", "2_lesson\2_lesson.vcxproj", "{F9D14F6E-FEB1-487A-AA81-0042EA815FAF}"
EndProject
Project("{8BC9CEB8-8B4A-11D0-8D11-00A0C91BC942}") = "3_lesson", "3_lesson\3_lesson.vcxproj", "{E393C863-D130-4850-BE2C-E7838FFBE5B2}"
EndProject
Project("{8BC9CEB8-8B4A-11D0-8D11-00A0C91BC942}") = "4_lesson", "4_lesson\4_lesson.vcxproj", "{B867E240-921C-449D-BFB6-613BDCC85D3C}"
EndProject
Project("{8BC9CEB8-8B4A-11D0-8D11-00A0C91BC942}") = "5_lesson", "5_lesson\5_lesson.vcxproj", "{D6E8197A-455A-4935-8CE8-E045A1D04950}"
EndProject
Project("{8BC9CEB8-8B4A-11D0-8D11-00A0C91BC942}") = "6_lesson", "6_lesson\6_lesson.vcxproj", "{95E16A64-4458-47AB-847C-BE6F4AE5CD34}"
EndProject
Project("{8BC9CEB8-8B4A-11D0-8D11-00A0C91BC942}") = "7_lesson", "7_lesson\7_lesson.vcxproj", "{BF50D2BC-1108-46AA-BD3E-986716923E5F}"
EndProject
Project("{8BC9CEB8-8B4A-11D0-8D11-00A0C91BC942}") = "8_lesson", "8_lesson\8_lesson.vcxproj", "{DAF66574-FF61-46F6-87D1-6BF11078A884}"
EndProject
Project("{8BC9CEB8-8B4A-11D0-8D11-00A0C91BC942}") = "9_lesson", "9_lesson\9_lesson.vcxproj", "{960EFBF8-10DC-4D35-9BC5-6BB8A5C8D9CB}"
EndProject
Project("{8BC9CEB8-8B4A-11D0-8D11-00A0C91BC942}") = "lesson_10", "lesson_10\lesson_10.vcxproj", "{43E2D1D6-DD66-4AB5-830E-B5A0B2B9A730}"
EndProject
Project("{8BC9CEB8-8B4A-11D0-8D11-00A0C91BC942}") = "lesson_11", "lesson_11\lesson_11.vcxproj", "{2D75541B-D0E2-4747-8B33-0FA726B90077}"
EndProject
Project("{8BC9CEB8-8B4A-11D0-8D11-00A0C91BC942}") = "lesson_11_dz", "lesson_11_dz\lesson_11_dz.vcxproj", "{D455D718-2F2A-4A0D-8116-308209780369}"
EndProject
Project("{8BC9CEB8-8B4A-11D0-8D11-00A0C91BC942}") = "lesson_12", "lesson_12\lesson_12.vcxproj", "{9E8E9438-3297-4ACA-A4B0-005AC7376D91}"
EndProject
Project("{8BC9CEB8-8B4A-11D0-8D11-00A0C91BC942}") = "lesson_13", "lesson_13\lesson_13.vcxproj", "{628E79BC-C39C-4C75-B323-E0BD8E51B63B}"
EndProject
Project("{8BC9CEB8-8B4A-11D0-8D11-00A0C91BC942}") = "lesson_13_dz_1", "lesson_13_dz_1\lesson_13_dz_1.vcxproj", "{CE4DA2CB-4AEE-4274-ADD7-163EE529303C}"
EndProject
Project("{8BC9CEB8-8B4A-11D0-8D11-00A0C91BC942}") = "lesson_13_dz_2", "lesson_13_dz_2\lesson_13_dz_2.vcxproj", "{AF29E782-E66A-49D3-B6FB-9ACD649C99F4}"
EndProject
Project("{8BC9CEB8-8B4A-11D0-8D11-00A0C91BC942}") = "lesson_14", "lesson_14\lesson_14.vcxproj", "{83FA2F83-552E-4A54-B388-F100659D6945}"
EndProject
Project("{2150E333-8FDC-42A3-9474-1A3956D46DE8}") = "c-Baza", "c-Baza", "{9E5A828A-128F-460A-B9F9-7A2BDAA414F1}"
EndProject
Global
	GlobalSection(SolutionConfigurationPlatforms) = preSolution
		Debug|x64 = Debug|x64
		Debug|x86 = Debug|x86
		Release|x64 = Release|x64
		Release|x86 = Release|x86
	EndGlobalSection
	GlobalSection(ProjectConfigurationPlatforms) = postSolution
		{F0655851-DC95-4F9A-B74B-84CEAE1E34B3}.Debug|x64.ActiveCfg = Debug|x64
		{F0655851-DC95-4F9A-B74B-84CEAE1E34B3}.Debug|x64.Build.0 = Debug|x64
		{F0655851-DC95-4F9A-B74B-84CEAE1E34B3}.Debug|x86.ActiveCfg = Debug|Win32
		{F0655851-DC95-4F9A-B74B-84CEAE1E34B3}.Debug|x86.Build.0 = Debug|Win32
		{F0655851-DC95-4F9A-B74B-84CEAE1E34B3}.Release|x64.ActiveCfg = Release|x64
		{F0655851-DC95-4F9A-B74B-84CEAE1E34B3}.Release|x64.Build.0 = Release|x64
		{F0655851-DC95-4F9A-B74B-84CEAE1E34B3}.Release|x86.ActiveCfg = Release|Win32
		{F0655851-DC95-4F9A-B74B-84CEAE1E34B3}.Release|x86.Build.0 = Release|Win32
		{F9D14F6E-FEB1-487A-AA81-0042EA815FAF}.Debug|x64.ActiveCfg = Debug|x64
		{F9D14F6E-FEB1-487A-AA81-0042EA815FAF}.Debug|x64.Build.0 = Debug|x64
		{F9D14F6E-FEB1-487A-AA81-0042EA815FAF}.Debug|x86.ActiveCfg = Debug|Win32
		{F9D14F6E-FEB1-487A-AA81-0042EA815FAF}.Debug|x86.Build.0 = Debug|Win32
		{F9D14F6E-FEB1-487A-AA81-0042EA815FAF}.Release|x64.ActiveCfg = Release|x64
		{F9D14F6E-FEB1-487A-AA81-0042EA815FAF}.Release|x64.Build.0 = Release|x64
		{F9D14F6E-FEB1-487A-AA81-0042EA815FAF}.Release|x86.ActiveCfg = Release|Win32
		{F9D14F6E-FEB1-487A-AA81-0042EA815FAF}.Release|x86.Build.0 = Release|Win32
		{E393C863-D130-4850-BE2C-E7838FFBE5B2}.Debug|x64.ActiveCfg = Debug|x64
		{E393C863-D130-4850-BE2C-E7838FFBE5B2}.Debug|x64.Build.0 = Debug|x64
		{E393C863-D130-4850-BE2C-E7838FFBE5B2}.Debug|x86.ActiveCfg = Debug|Win32
		{E393C863-D130-4850-BE2C-E7838FFBE5B2}.Debug|x86.Build.0 = Debug|Win32
		{E393C863-D130-4850-BE2C-E7838FFBE5B2}.Release|x64.ActiveCfg = Release|x64
		{E393C863-D130-4850-BE2C-E7838FFBE5B2}.Release|x64.Build.0 = Release|x64
		{E393C863-D130-4850-BE2C-E7838FFBE5B2}.Release|x86.ActiveCfg = Release|Win32
		{E393C863-D130-4850-BE2C-E7838FFBE5B2}.Release|x86.Build.0 = Release|Win32
		{B867E240-921C-449D-BFB6-613BDCC85D3C}.Debug|x64.ActiveCfg = Debug|x64
		{B867E240-921C-449D-BFB6-613BDCC85D3C}.Debug|x64.Build.0 = Debug|x64
		{B867E240-921C-449D-BFB6-613BDCC85D3C}.Debug|x86.ActiveCfg = Debug|Win32
		{B867E240-921C-449D-BFB6-613BDCC85D3C}.Debug|x86.Build.0 = Debug|Win32
		{B867E240-921C-449D-BFB6-613BDCC85D3C}.Release|x64.ActiveCfg = Release|x64
		{B867E240-921C-449D-BFB6-613BDCC85D3C}.Release|x64.Build.0 = Release|x64
		{B867E240-921C-449D-BFB6-613BDCC85D3C}.Release|x86.ActiveCfg = Release|Win32
		{B867E240-921C-449D-BFB6-613BDCC85D3C}.Release|x86.Build.0 = Release|Win32
		{D6E8197A-455A-4935-8CE8-E045A1D04950}.Debug|x64.ActiveCfg = Debug|x64
		{D6E8197A-455A-4935-8CE8-E045A1D04950}.Debug|x64.Build.0 = Debug|x64
		{D6E8197A-455A-4935-8CE8-E045A1D04950}.Debug|x86.ActiveCfg = Debug|Win32
		{D6E8197A-455A-4935-8CE8-E045A1D04950}.Debug|x86.Build.0 = Debug|Win32
		{D6E8197A-455A-4935-8CE8-E045A1D04950}.Release|x64.ActiveCfg = Release|x64
		{D6E8197A-455A-4935-8CE8-E045A1D04950}.Release|x64.Build.0 = Release|x64
		{D6E8197A-455A-4935-8CE8-E045A1D04950}.Release|x86.ActiveCfg = Release|Win32
		{D6E8197A-455A-4935-8CE8-E045A1D04950}.Release|x86.Build.0 = Release|Win32
		{95E16A64-4458-47AB-847C-BE6F4AE5CD34}.Debug|x64.ActiveCfg = Debug|x64
		{95E16A64-4458-47AB-847C-BE6F4AE5CD34}.Debug|x64.Build.0 = Debug|x64
		{95E16A64-4458-47AB-847C-BE6F4AE5CD34}.Debug|x86.ActiveCfg = Debug|Win32
		{95E16A64-4458-47AB-847C-BE6F4AE5CD34}.Debug|x86.Build.0 = Debug|Win32
		{95E16A64-4458-47AB-847C-BE6F4AE5CD34}.Release|x64.ActiveCfg = Release|x64
		{95E16A64-4458-47AB-847C-BE6F4AE5CD34}.Release|x64.Build.0 = Release|x64
		{95E16A64-4458-47AB-847C-BE6F4AE5CD34}.Release|x86.ActiveCfg = Release|Win32
		{95E16A64-4458-47AB-847C-BE6F4AE5CD34}.Release|x86.Build.0 = Release|Win32
		{BF50D2BC-1108-46AA-BD3E-986716923E5F}.Debug|x64.ActiveCfg = Debug|x64
		{BF50D2BC-1108-46AA-BD3E-986716923E5F}.Debug|x64.Build.0 = Debug|x64
		{BF50D2BC-1108-46AA-BD3E-986716923E5F}.Debug|x86.ActiveCfg = Debug|Win32
		{BF50D2BC-1108-46AA-BD3E-986716923E5F}.Debug|x86.Build.0 = Debug|Win32
		{BF50D2BC-1108-46AA-BD3E-986716923E5F}.Release|x64.ActiveCfg = Release|x64
		{BF50D2BC-1108-46AA-BD3E-986716923E5F}.Release|x64.Build.0 = Release|x64
		{BF50D2BC-1108-46AA-BD3E-986716923E5F}.Release|x86.ActiveCfg = Release|Win32
		{BF50D2BC-1108-46AA-BD3E-986716923E5F}.Release|x86.Build.0 = Release|Win32
		{DAF66574-FF61-46F6-87D1-6BF11078A884}.Debug|x64.ActiveCfg = Debug|x64
		{DAF66574-FF61-46F6-87D1-6BF11078A884}.Debug|x64.Build.0 = Debug|x64
		{DAF66574-FF61-46F6-87D1-6BF11078A884}.Debug|x86.ActiveCfg = Debug|Win32
		{DAF66574-FF61-46F6-87D1-6BF11078A884}.Debug|x86.Build.0 = Debug|Win32
		{DAF66574-FF61-46F6-87D1-6BF11078A884}.Release|x64.ActiveCfg = Release|x64
		{DAF66574-FF61-46F6-87D1-6BF11078A884}.Release|x64.Build.0 = Release|x64
		{DAF66574-FF61-46F6-87D1-6BF11078A884}.Release|x86.ActiveCfg = Release|Win32
		{DAF66574-FF61-46F6-87D1-6BF11078A884}.Release|x86.Build.0 = Release|Win32
		{960EFBF8-10DC-4D35-9BC5-6BB8A5C8D9CB}.Debug|x64.ActiveCfg = Debug|x64
		{960EFBF8-10DC-4D35-9BC5-6BB8A5C8D9CB}.Debug|x64.Build.0 = Debug|x64
		{960EFBF8-10DC-4D35-9BC5-6BB8A5C8D9CB}.Debug|x86.ActiveCfg = Debug|Win32
		{960EFBF8-10DC-4D35-9BC5-6BB8A5C8D9CB}.Debug|x86.Build.0 = Debug|Win32
		{960EFBF8-10DC-4D35-9BC5-6BB8A5C8D9CB}.Release|x64.ActiveCfg = Release|x64
		{960EFBF8-10DC-4D35-9BC5-6BB8A5C8D9CB}.Release|x64.Build.0 = Release|x64
		{960EFBF8-10DC-4D35-9BC5-6BB8A5C8D9CB}.Release|x86.ActiveCfg = Release|Win32
		{960EFBF8-10DC-4D35-9BC5-6BB8A5C8D9CB}.Release|x86.Build.0 = Release|Win32
		{43E2D1D6-DD66-4AB5-830E-B5A0B2B9A730}.Debug|x64.ActiveCfg = Debug|x64
		{43E2D1D6-DD66-4AB5-830E-B5A0B2B9A730}.Debug|x64.Build.0 = Debug|x64
		{43E2D1D6-DD66-4AB5-830E-B5A0B2B9A730}.Debug|x86.ActiveCfg = Debug|Win32
		{43E2D1D6-DD66-4AB5-830E-B5A0B2B9A730}.Debug|x86.Build.0 = Debug|Win32
		{43E2D1D6-DD66-4AB5-830E-B5A0B2B9A730}.Release|x64.ActiveCfg = Release|x64
		{43E2D1D6-DD66-4AB5-830E-B5A0B2B9A730}.Release|x64.Build.0 = Release|x64
		{43E2D1D6-DD66-4AB5-830E-B5A0B2B9A730}.Release|x86.ActiveCfg = Release|Win32
		{43E2D1D6-DD66-4AB5-830E-B5A0B2B9A730}.Release|x86.Build.0 = Release|Win32
		{2D75541B-D0E2-4747-8B33-0FA726B90077}.Debug|x64.ActiveCfg = Debug|x64
		{2D75541B-D0E2-4747-8B33-0FA726B90077}.Debug|x64.Build.0 = Debug|x64
		{2D75541B-D0E2-4747-8B33-0FA726B90077}.Debug|x86.ActiveCfg = Debug|Win32
		{2D75541B-D0E2-4747-8B33-0FA726B90077}.Debug|x86.Build.0 = Debug|Win32
		{2D75541B-D0E2-4747-8B33-0FA726B90077}.Release|x64.ActiveCfg = Release|x64
		{2D75541B-D0E2-4747-8B33-0FA726B90077}.Release|x64.Build.0 = Release|x64
		{2D75541B-D0E2-4747-8B33-0FA726B90077}.Release|x86.ActiveCfg = Release|Win32
		{2D75541B-D0E2-4747-8B33-0FA726B90077}.Release|x86.Build.0 = Release|Win32
		{D455D718-2F2A-4A0D-8116-308209780369}.Debug|x64.ActiveCfg = Debug|x64
		{D455D718-2F2A-4A0D-8116-308209780369}.Debug|x64.Build.0 = Debug|x64
		{D455D718-2F2A-4A0D-8116-308209780369}.Debug|x86.ActiveCfg = Debug|Win32
		{D455D718-2F2A-4A0D-8116-308209780369}.Debug|x86.Build.0 = Debug|Win32
		{D455D718-2F2A-4A0D-8116-308209780369}.Release|x64.ActiveCfg = Release|x64
		{D455D718-2F2A-4A0D-8116-308209780369}.Release|x64.Build.0 = Release|x64
		{D455D718-2F2A-4A0D-8116-308209780369}.Release|x86.ActiveCfg = Release|Win32
		{D455D718-2F2A-4A0D-8116-308209780369}.Release|x86.Build.0 = Release|Win32
		{9E8E9438-3297-4ACA-A4B0-005AC7376D91}.Debug|x64.ActiveCfg = Debug|x64
		{9E8E9438-3297-4ACA-A4B0-005AC7376D91}.Debug|x64.Build.0 = Debug|x64
		{9E8E9438-3297-4ACA-A4B0-005AC7376D91}.Debug|x86.ActiveCfg = Debug|Win32
		{9E8E9438-3297-4ACA-A4B0-005AC7376D91}.Debug|x86.Build.0 = Debug|Win32
		{9E8E9438-3297-4ACA-A4B0-005AC7376D91}.Release|x64.ActiveCfg = Release|x64
		{9E8E9438-3297-4ACA-A4B0-005AC7376D91}.Release|x64.Build.0 = Release|x64
		{9E8E9438-3297-4ACA-A4B0-005AC7376D91}.Release|x86.ActiveCfg = Release|Win32
		{9E8E9438-3297-4ACA-A4B0-005AC7376D91}.Release|x86.Build.0 = Release|Win32
		{628E79BC-C39C-4C75-B323-E0BD8E51B63B}.Debug|x64.ActiveCfg = Debug|x64
		{628E79BC-C39C-4C75-B323-E0BD8E51B63B}.Debug|x64.Build.0 = Debug|x64
		{628E79BC-C39C-4C75-B323-E0BD8E51B63B}.Debug|x86.ActiveCfg = Debug|Win32
		{628E79BC-C39C-4C75-B323-E0BD8E51B63B}.Debug|x86.Build.0 = Debug|Win32
		{628E79BC-C39C-4C75-B323-E0BD8E51B63B}.Release|x64.ActiveCfg = Release|x64
		{628E79BC-C39C-4C75-B323-E0BD8E51B63B}.Release|x64.Build.0 = Release|x64
		{628E79BC-C39C-4C75-B323-E0BD8E51B63B}.Release|x86.ActiveCfg = Release|Win32
		{628E79BC-C39C-4C75-B323-E0BD8E51B63B}.Release|x86.Build.0 = Release|Win32
		{CE4DA2CB-4AEE-4274-ADD7-163EE529303C}.Debug|x64.ActiveCfg = Debug|x64
		{CE4DA2CB-4AEE-4274-ADD7-163EE529303C}.Debug|x64.Build.0 = Debug|x64
		{CE4DA2CB-4AEE-4274-ADD7-163EE529303C}.Debug|x86.ActiveCfg = Debug|Win32
		{CE4DA2CB-4AEE-4274-ADD7-163EE529303C}.Debug|x86.Build.0 = Debug|Win32
		{CE4DA2CB-4AEE-4274-ADD7-163EE529303C}.Release|x64.ActiveCfg = Release|x64
		{CE4DA2CB-4AEE-4274-ADD7-163EE529303C}.Release|x64.Build.0 = Release|x64
		{CE4DA2CB-4AEE-4274-ADD7-163EE529303C}.Release|x86.ActiveCfg = Release|Win32
		{CE4DA2CB-4AEE-4274-ADD7-163EE529303C}.Release|x86.Build.0 = Release|Win32
		{AF29E782-E66A-49D3-B6FB-9ACD649C99F4}.Debug|x64.ActiveCfg = Debug|x64
		{AF29E782-E66A-49D3-B6FB-9ACD649C99F4}.Debug|x64.Build.0 = Debug|x64
		{AF29E782-E66A-49D3-B6FB-9ACD649C99F4}.Debug|x86.ActiveCfg = Debug|Win32
		{AF29E782-E66A-49D3-B6FB-9ACD649C99F4}.Debug|x86.Build.0 = Debug|Win32
		{AF29E782-E66A-49D3-B6FB-9ACD649C99F4}.Release|x64.ActiveCfg = Release|x64
		{AF29E782-E66A-49D3-B6FB-9ACD649C99F4}.Release|x64.Build.0 = Release|x64
		{AF29E782-E66A-49D3-B6FB-9ACD649C99F4}.Release|x86.ActiveCfg = Release|Win32
		{AF29E782-E66A-49D3-B6FB-9ACD649C99F4}.Release|x86.Build.0 = Release|Win32
		{83FA2F83-552E-4A54-B388-F100659D6945}.Debug|x64.ActiveCfg = Debug|x64
		{83FA2F83-552E-4A54-B388-F100659D6945}.Debug|x64.Build.0 = Debug|x64
		{83FA2F83-552E-4A54-B388-F100659D6945}.Debug|x86.ActiveCfg = Debug|Win32
		{83FA2F83-552E-4A54-B388-F100659D6945}.Debug|x86.Build.0 = Debug|Win32
		{83FA2F83-552E-4A54-B388-F100659D6945}.Release|x64.ActiveCfg = Release|x64
		{83FA2F83-552E-4A54-B388-F100659D6945}.Release|x64.Build.0 = Release|x64
		{83FA2F83-552E-4A54-B388-F100659D6945}.Release|x86.ActiveCfg = Release|Win32
		{83FA2F83-552E-4A54-B388-F100659D6945}.Release|x86.Build.0 = Release|Win32
	EndGlobalSection
	GlobalSection(SolutionProperties) = preSolution
		HideSolutionNode = FALSE
	EndGlobalSection
	GlobalSection(NestedProjects) = preSolution
		{F0655851-DC95-4F9A-B74B-84CEAE1E34B3} = {9E5A828A-128F-460A-B9F9-7A2BDAA414F1}
		{F9D14F6E-FEB1-487A-AA81-0042EA815FAF} = {9E5A828A-128F-460A-B9F9-7A2BDAA414F1}
	EndGlobalSection
	GlobalSection(ExtensibilityGlobals) = postSolution
		SolutionGuid = {75A7A686-06C2-48B7-B422-D37E864EE3E5}
	EndGlobalSection
EndGlobal
